// !$*UTF8*$!
{
	archiveVersion = 1;
	classes = {
	};
	objectVersion = 77;
	objects = {

/* Begin PBXBuildFile section */
		0632F7609BC6AED03D225705 /* StatusBadge.swift in Sources */ = {isa = PBXBuildFile; fileRef = D3E0A0CFB335504DB504BCA1 /* StatusBadge.swift */; };
		2709047B7D559304C5B196B7 /* LLMOrchestratorActor.swift in Sources */ = {isa = PBXBuildFile; fileRef = 77FC5AF426ADD621F139CCD1 /* LLMOrchestratorActor.swift */; };
		2AB24192F701E907D4DEA5A9 /* SwiftFTS in Frameworks */ = {isa = PBXBuildFile; productRef = D4DCE9C8E6266305E3247891 /* SwiftFTS */; };
		84C58759EBD3A67347542FB3 /* SwiftFTS in Frameworks */ = {isa = PBXBuildFile; productRef = 82E8CCBDDECCC3976092ADBA /* SwiftFTS */; };
		8AFC03FEB254C08D85B26CCB /* uniksApp.swift in Sources */ = {isa = PBXBuildFile; fileRef = 3BE13B67D65497859309FD19 /* uniksApp.swift */; };
		95A9458BADF92B390CA07D04 /* HabitEventTests.swift in Sources */ = {isa = PBXBuildFile; fileRef = CEF903000DC52CB096136BB9 /* HabitEventTests.swift */; };
		983B81390487C6D7A17E2043 /* LocalLLMEngine.swift in Sources */ = {isa = PBXBuildFile; fileRef = 56C243AFD80738A091E99C9C /* LocalLLMEngine.swift */; };
		A029549D1AA3BEA79A2D0872 /* ParsingActor.swift in Sources */ = {isa = PBXBuildFile; fileRef = 806A5388AA4C3F230241E925 /* ParsingActor.swift */; };
		B3C5A328265A79BF4CFD8461 /* FTSService.swift in Sources */ = {isa = PBXBuildFile; fileRef = 6AFAD05F2621A8808F19EBFA /* FTSService.swift */; };
		B6451E0191B3C75C1BED25DE /* HabitEvent.swift in Sources */ = {isa = PBXBuildFile; fileRef = ECE864925212E46725665C9A /* HabitEvent.swift */; };
		B66E4AB221740C297EFB58E4 /* MockLLMEngine.swift in Sources */ = {isa = PBXBuildFile; fileRef = C11F6E98413AEBEE8E4855FD /* MockLLMEngine.swift */; };
		B912C63F23148A2A05C27AC3 /* MLXLLMEngine.swift in Sources */ = {isa = PBXBuildFile; fileRef = DEBB2BFA1D4C76D8E40A8F7E /* MLXLLMEngine.swift */; };
		D277A519CAAC0CD52D5F3EE0 /* MLXLMCommon in Frameworks */ = {isa = PBXBuildFile; productRef = 32EC4397B9D5E96064010436 /* MLXLMCommon */; };
		D90540A51F35AEE1FCBD2C8C /* ContentView.swift in Sources */ = {isa = PBXBuildFile; fileRef = 60FCBA51FC839B8B88438BD9 /* ContentView.swift */; };
		EA044716685B78C3A9ADCC9B /* ModelContainer+Factory.swift in Sources */ = {isa = PBXBuildFile; fileRef = 712DF7B6627FF8FF93ABB11C /* ModelContainer+Factory.swift */; };
		F03F9F2E4023D2F2770D4D48 /* ParsingActorTests.swift in Sources */ = {isa = PBXBuildFile; fileRef = 410529F8BE2444BB630A6877 /* ParsingActorTests.swift */; };
		FA6EF4D2CB62E783C3C4B6C6 /* MLXLMCommon in Frameworks */ = {isa = PBXBuildFile; productRef = DF2340456193B9454A9C4FDF /* MLXLMCommon */; };
/* End PBXBuildFile section */

/* Begin PBXContainerItemProxy section */
		1231BBD32FEACC32003B0923 /* PBXContainerItemProxy */ = {
			isa = PBXContainerItemProxy;
			containerPortal = 1231BBBB2FEACC31003B0923 /* Project object */;
			proxyType = 1;
			remoteGlobalIDString = 1231BBC22FEACC31003B0923;
			remoteInfo = uniks;
		};
		1231BBDD2FEACC32003B0923 /* PBXContainerItemProxy */ = {
			isa = PBXContainerItemProxy;
			containerPortal = 1231BBBB2FEACC31003B0923 /* Project object */;
			proxyType = 1;
			remoteGlobalIDString = 1231BBC22FEACC31003B0923;
			remoteInfo = uniks;
		};
/* End PBXContainerItemProxy section */

/* Begin PBXFileReference section */
		1231BBC32FEACC31003B0923 /* uniks.app */ = {isa = PBXFileReference; explicitFileType = wrapper.application; includeInIndex = 0; path = uniks.app; sourceTree = BUILT_PRODUCTS_DIR; };
		1231BBD22FEACC32003B0923 /* uniksTests.xctest */ = {isa = PBXFileReference; explicitFileType = wrapper.cfbundle; includeInIndex = 0; path = uniksTests.xctest; sourceTree = BUILT_PRODUCTS_DIR; };
		1231BBDC2FEACC32003B0923 /* uniksUITests.xctest */ = {isa = PBXFileReference; explicitFileType = wrapper.cfbundle; includeInIndex = 0; path = uniksUITests.xctest; sourceTree = BUILT_PRODUCTS_DIR; };
		3BE13B67D65497859309FD19 /* uniksApp.swift */ = {isa = PBXFileReference; includeInIndex = 1; lastKnownFileType = sourcecode.swift; path = uniksApp.swift; sourceTree = "<group>"; };
		410529F8BE2444BB630A6877 /* ParsingActorTests.swift */ = {isa = PBXFileReference; includeInIndex = 1; lastKnownFileType = sourcecode.swift; path = ParsingActorTests.swift; sourceTree = "<group>"; };
		56C243AFD80738A091E99C9C /* LocalLLMEngine.swift */ = {isa = PBXFileReference; includeInIndex = 1; lastKnownFileType = sourcecode.swift; path = LocalLLMEngine.swift; sourceTree = "<group>"; };
		60FCBA51FC839B8B88438BD9 /* ContentView.swift */ = {isa = PBXFileReference; includeInIndex = 1; lastKnownFileType = sourcecode.swift; path = ContentView.swift; sourceTree = "<group>"; };
		6AFAD05F2621A8808F19EBFA /* FTSService.swift */ = {isa = PBXFileReference; includeInIndex = 1; lastKnownFileType = sourcecode.swift; path = FTSService.swift; sourceTree = "<group>"; };
		712DF7B6627FF8FF93ABB11C /* ModelContainer+Factory.swift */ = {isa = PBXFileReference; includeInIndex = 1; lastKnownFileType = sourcecode.swift; path = "ModelContainer+Factory.swift"; sourceTree = "<group>"; };
		77FC5AF426ADD621F139CCD1 /* LLMOrchestratorActor.swift */ = {isa = PBXFileReference; includeInIndex = 1; lastKnownFileType = sourcecode.swift; path = LLMOrchestratorActor.swift; sourceTree = "<group>"; };
		806A5388AA4C3F230241E925 /* ParsingActor.swift */ = {isa = PBXFileReference; includeInIndex = 1; lastKnownFileType = sourcecode.swift; path = ParsingActor.swift; sourceTree = "<group>"; };
		C11F6E98413AEBEE8E4855FD /* MockLLMEngine.swift */ = {isa = PBXFileReference; includeInIndex = 1; lastKnownFileType = sourcecode.swift; path = MockLLMEngine.swift; sourceTree = "<group>"; };
		CEF903000DC52CB096136BB9 /* HabitEventTests.swift */ = {isa = PBXFileReference; includeInIndex = 1; lastKnownFileType = sourcecode.swift; path = HabitEventTests.swift; sourceTree = "<group>"; };
		D3E0A0CFB335504DB504BCA1 /* StatusBadge.swift */ = {isa = PBXFileReference; includeInIndex = 1; lastKnownFileType = sourcecode.swift; path = StatusBadge.swift; sourceTree = "<group>"; };
		DEBB2BFA1D4C76D8E40A8F7E /* MLXLLMEngine.swift */ = {isa = PBXFileReference; includeInIndex = 1; lastKnownFileType = sourcecode.swift; path = MLXLLMEngine.swift; sourceTree = "<group>"; };
		ECE864925212E46725665C9A /* HabitEvent.swift */ = {isa = PBXFileReference; includeInIndex = 1; lastKnownFileType = sourcecode.swift; path = HabitEvent.swift; sourceTree = "<group>"; };
/* End PBXFileReference section */

/* Begin PBXFileSystemSynchronizedRootGroup section */
		1231BBC52FEACC31003B0923 /* uniks */ = {
			isa = PBXFileSystemSynchronizedRootGroup;
			exceptions = (
			);
			path = uniks;
			sourceTree = "<group>";
		};
		1231BBD52FEACC32003B0923 /* uniksTests */ = {
			isa = PBXFileSystemSynchronizedRootGroup;
			exceptions = (
			);
			path = uniksTests;
			sourceTree = "<group>";
		};
		1231BBDF2FEACC32003B0923 /* uniksUITests */ = {
			isa = PBXFileSystemSynchronizedRootGroup;
			exceptions = (
			);
			path = uniksUITests;
			sourceTree = "<group>";
		};
/* End PBXFileSystemSynchronizedRootGroup section */

/* Begin PBXFrameworksBuildPhase section */
		1231BBC02FEACC31003B0923 /* Frameworks */ = {
			isa = PBXFrameworksBuildPhase;
			buildActionMask = 2147483647;
			files = (
				FA6EF4D2CB62E783C3C4B6C6 /* MLXLMCommon in Frameworks */,
				2AB24192F701E907D4DEA5A9 /* SwiftFTS in Frameworks */,
			);
			runOnlyForDeploymentPostprocessing = 0;
		};
		1231BBCF2FEACC32003B0923 /* Frameworks */ = {
			isa = PBXFrameworksBuildPhase;
			buildActionMask = 2147483647;
			files = (
				D277A519CAAC0CD52D5F3EE0 /* MLXLMCommon in Frameworks */,
				84C58759EBD3A67347542FB3 /* SwiftFTS in Frameworks */,
			);
			runOnlyForDeploymentPostprocessing = 0;
		};
		1231BBD92FEACC32003B0923 /* Frameworks */ = {
			isa = PBXFrameworksBuildPhase;
			buildActionMask = 2147483647;
			files = (
			);
			runOnlyForDeploymentPostprocessing = 0;
		};
/* End PBXFrameworksBuildPhase section */

/* Begin PBXGroup section */
		010759B31301AD2EDE0E4511 /* Engines */ = {
			isa = PBXGroup;
			children = (
				C11F6E98413AEBEE8E4855FD /* MockLLMEngine.swift */,
			);
			name = Engines;
			path = Engines;
			sourceTree = "<group>";
		};
		0C92AF04B576A28B611DB1E0 /* Protocols */ = {
			isa = PBXGroup;
			children = (
				56C243AFD80738A091E99C9C /* LocalLLMEngine.swift */,
			);
			path = Protocols;
			sourceTree = "<group>";
		};
		111D52FAEB7B75BF267D35A1 /* Core */ = {
			isa = PBXGroup;
			children = (
				AAEE9CEC94897A86CD459262 /* Models */,
				0C92AF04B576A28B611DB1E0 /* Protocols */,
				6E8E9C1B23DF2503BEA84B62 /* Actors */,
				F43638775BECED592E40B694 /* Services */,
				010759B31301AD2EDE0E4511 /* Engines */,
			);
			path = Core;
			sourceTree = "<group>";
		};
		118DA42BBB7EC1F4A1EB29FF /* Shared */ = {
			isa = PBXGroup;
			children = (
				D3E0A0CFB335504DB504BCA1 /* StatusBadge.swift */,
			);
			path = Shared;
			sourceTree = "<group>";
		};
		1231BBBA2FEACC31003B0923 = {
			isa = PBXGroup;
			children = (
				1231BBC52FEACC31003B0923 /* uniks */,
				1231BBD52FEACC32003B0923 /* uniksTests */,
				1231BBDF2FEACC32003B0923 /* uniksUITests */,
				1231BBC42FEACC31003B0923 /* Products */,
				C009D8AE311CF62B5B2A4030 /* uniks */,
				2C48E0CD1C592C1038F3ADA1 /* uniksTests */,
			);
			sourceTree = "<group>";
		};
		1231BBC42FEACC31003B0923 /* Products */ = {
			isa = PBXGroup;
			children = (
				1231BBC32FEACC31003B0923 /* uniks.app */,
				1231BBD22FEACC32003B0923 /* uniksTests.xctest */,
				1231BBDC2FEACC32003B0923 /* uniksUITests.xctest */,
			);
			name = Products;
			sourceTree = "<group>";
		};
		2C48E0CD1C592C1038F3ADA1 /* uniksTests */ = {
			isa = PBXGroup;
			children = (
				CEF903000DC52CB096136BB9 /* HabitEventTests.swift */,
				410529F8BE2444BB630A6877 /* ParsingActorTests.swift */,
			);
			path = uniksTests;
			sourceTree = "<group>";
		};
		6E8E9C1B23DF2503BEA84B62 /* Actors */ = {
			isa = PBXGroup;
			children = (
				77FC5AF426ADD621F139CCD1 /* LLMOrchestratorActor.swift */,
				806A5388AA4C3F230241E925 /* ParsingActor.swift */,
				DEBB2BFA1D4C76D8E40A8F7E /* MLXLLMEngine.swift */,
			);
			path = Actors;
			sourceTree = "<group>";
		};
		98A73FBEE049C9A0A3FC509E /* UI */ = {
			isa = PBXGroup;
			children = (
				118DA42BBB7EC1F4A1EB29FF /* Shared */,
			);
			path = UI;
			sourceTree = "<group>";
		};
		AAEE9CEC94897A86CD459262 /* Models */ = {
			isa = PBXGroup;
			children = (
				ECE864925212E46725665C9A /* HabitEvent.swift */,
			);
			path = Models;
			sourceTree = "<group>";
		};
		C009D8AE311CF62B5B2A4030 /* uniks */ = {
			isa = PBXGroup;
			children = (
				3BE13B67D65497859309FD19 /* uniksApp.swift */,
				60FCBA51FC839B8B88438BD9 /* ContentView.swift */,
				111D52FAEB7B75BF267D35A1 /* Core */,
				98A73FBEE049C9A0A3FC509E /* UI */,
			);
			path = uniks;
			sourceTree = "<group>";
		};
		F43638775BECED592E40B694 /* Services */ = {
			isa = PBXGroup;
			children = (
				712DF7B6627FF8FF93ABB11C /* ModelContainer+Factory.swift */,
				6AFAD05F2621A8808F19EBFA /* FTSService.swift */,
			);
			path = Services;
			sourceTree = "<group>";
		};
/* End PBXGroup section */

/* Begin PBXNativeTarget section */
		1231BBC22FEACC31003B0923 /* uniks */ = {
			isa = PBXNativeTarget;
			buildConfigurationList = 1231BBE62FEACC32003B0923 /* Build configuration list for PBXNativeTarget "uniks" */;
			buildPhases = (
				1231BBBF2FEACC31003B0923 /* Sources */,
				1231BBC02FEACC31003B0923 /* Frameworks */,
				1231BBC12FEACC31003B0923 /* Resources */,
			);
			buildRules = (
			);
			dependencies = (
			);
			fileSystemSynchronizedGroups = (
				1231BBC52FEACC31003B0923 /* uniks */,
			);
			name = uniks;
			packageProductDependencies = (
				DF2340456193B9454A9C4FDF /* MLXLMCommon */,
				D4DCE9C8E6266305E3247891 /* SwiftFTS */,
			);
			productName = uniks;
			productReference = 1231BBC32FEACC31003B0923 /* uniks.app */;
			productType = "com.apple.product-type.application";
		};
		1231BBD12FEACC32003B0923 /* uniksTests */ = {
			isa = PBXNativeTarget;
			buildConfigurationList = 1231BBE92FEACC32003B0923 /* Build configuration list for PBXNativeTarget "uniksTests" */;
			buildPhases = (
				1231BBCE2FEACC32003B0923 /* Sources */,
				1231BBCF2FEACC32003B0923 /* Frameworks */,
				1231BBD02FEACC32003B0923 /* Resources */,
			);
			buildRules = (
			);
			dependencies = (
				1231BBD42FEACC32003B0923 /* PBXTargetDependency */,
			);
			fileSystemSynchronizedGroups = (
				1231BBD52FEACC32003B0923 /* uniksTests */,
			);
			name = uniksTests;
			packageProductDependencies = (
				32EC4397B9D5E96064010436 /* MLXLMCommon */,
				82E8CCBDDECCC3976092ADBA /* SwiftFTS */,
			);
			productName = uniksTests;
			productReference = 1231BBD22FEACC32003B0923 /* uniksTests.xctest */;
			productType = "com.apple.product-type.bundle.unit-test";
		};
		1231BBDB2FEACC32003B0923 /* uniksUITests */ = {
			isa = PBXNativeTarget;
			buildConfigurationList = 1231BBEC2FEACC32003B0923 /* Build configuration list for PBXNativeTarget "uniksUITests" */;
			buildPhases = (
				1231BBD82FEACC32003B0923 /* Sources */,
				1231BBD92FEACC32003B0923 /* Frameworks */,
				1231BBDA2FEACC32003B0923 /* Resources */,
			);
			buildRules = (
			);
			dependencies = (
				1231BBDE2FEACC32003B0923 /* PBXTargetDependency */,
			);
			fileSystemSynchronizedGroups = (
				1231BBDF2FEACC32003B0923 /* uniksUITests */,
			);
			name = uniksUITests;
			productName = uniksUITests;
			productReference = 1231BBDC2FEACC32003B0923 /* uniksUITests.xctest */;
			productType = "com.apple.product-type.bundle.ui-testing";
		};
/* End PBXNativeTarget section */

/* Begin PBXProject section */
		1231BBBB2FEACC31003B0923 /* Project object */ = {
			isa = PBXProject;
			attributes = {
				BuildIndependentTargetsInParallel = 1;
				LastSwiftUpdateCheck = 2650;
				LastUpgradeCheck = 2650;
				TargetAttributes = {
					1231BBC22FEACC31003B0923 = {
						CreatedOnToolsVersion = 26.5;
					};
					1231BBD12FEACC32003B0923 = {
						CreatedOnToolsVersion = 26.5;
						TestTargetID = 1231BBC22FEACC31003B0923;
					};
					1231BBDB2FEACC32003B0923 = {
						CreatedOnToolsVersion = 26.5;
						TestTargetID = 1231BBC22FEACC31003B0923;
					};
				};
			};
			buildConfigurationList = 1231BBBE2FEACC31003B0923 /* Build configuration list for PBXProject "uniks" */;
			developmentRegion = en;
			hasScannedForEncodings = 0;
			knownRegions = (
				en,
				Base,
			);
			mainGroup = 1231BBBA2FEACC31003B0923;
			minimizedProjectReferenceProxies = 1;
			packageReferences = (
				0BC515049A6EA3BF993F0686 /* XCRemoteSwiftPackageReference "mlx-swift-examples" */,
				3FEC60A3816E679E62C906C9 /* XCRemoteSwiftPackageReference "SwiftFTS" */,
			);
			preferredProjectObjectVersion = 77;
			productRefGroup = 1231BBC42FEACC31003B0923 /* Products */;
			projectDirPath = "";
			projectRoot = "";
			targets = (
				1231BBC22FEACC31003B0923 /* uniks */,
				1231BBD12FEACC32003B0923 /* uniksTests */,
				1231BBDB2FEACC32003B0923 /* uniksUITests */,
			);
		};
/* End PBXProject section */

/* Begin PBXResourcesBuildPhase section */
		1231BBC12FEACC31003B0923 /* Resources */ = {
			isa = PBXResourcesBuildPhase;
			buildActionMask = 2147483647;
			files = (
			);
			runOnlyForDeploymentPostprocessing = 0;
		};
		1231BBD02FEACC32003B0923 /* Resources */ = {
			isa = PBXResourcesBuildPhase;
			buildActionMask = 2147483647;
			files = (
			);
			runOnlyForDeploymentPostprocessing = 0;
		};
		1231BBDA2FEACC32003B0923 /* Resources */ = {
			isa = PBXResourcesBuildPhase;
			buildActionMask = 2147483647;
			files = (
			);
			runOnlyForDeploymentPostprocessing = 0;
		};
/* End PBXResourcesBuildPhase section */

/* Begin PBXSourcesBuildPhase section */
		1231BBBF2FEACC31003B0923 /* Sources */ = {
			isa = PBXSourcesBuildPhase;
			buildActionMask = 2147483647;
			files = (
				8AFC03FEB254C08D85B26CCB /* uniksApp.swift in Sources */,
				D90540A51F35AEE1FCBD2C8C /* ContentView.swift in Sources */,
				B6451E0191B3C75C1BED25DE /* HabitEvent.swift in Sources */,
				983B81390487C6D7A17E2043 /* LocalLLMEngine.swift in Sources */,
				2709047B7D559304C5B196B7 /* LLMOrchestratorActor.swift in Sources */,
				A029549D1AA3BEA79A2D0872 /* ParsingActor.swift in Sources */,
				B912C63F23148A2A05C27AC3 /* MLXLLMEngine.swift in Sources */,
				EA044716685B78C3A9ADCC9B /* ModelContainer+Factory.swift in Sources */,
				B3C5A328265A79BF4CFD8461 /* FTSService.swift in Sources */,
				0632F7609BC6AED03D225705 /* StatusBadge.swift in Sources */,
				B66E4AB221740C297EFB58E4 /* MockLLMEngine.swift in Sources */,
			);
			runOnlyForDeploymentPostprocessing = 0;
		};
		1231BBCE2FEACC32003B0923 /* Sources */ = {
			isa = PBXSourcesBuildPhase;
			buildActionMask = 2147483647;
			files = (
				95A9458BADF92B390CA07D04 /* HabitEventTests.swift in Sources */,
				F03F9F2E4023D2F2770D4D48 /* ParsingActorTests.swift in Sources */,
			);
			runOnlyForDeploymentPostprocessing = 0;
		};
		1231BBD82FEACC32003B0923 /* Sources */ = {
			isa = PBXSourcesBuildPhase;
			buildActionMask = 2147483647;
			files = (
			);
			runOnlyForDeploymentPostprocessing = 0;
		};
/* End PBXSourcesBuildPhase section */

/* Begin PBXTargetDependency section */
		1231BBD42FEACC32003B0923 /* PBXTargetDependency */ = {
			isa = PBXTargetDependency;
			target = 1231BBC22FEACC31003B0923 /* uniks */;
			targetProxy = 1231BBD32FEACC32003B0923 /* PBXContainerItemProxy */;
		};
		1231BBDE2FEACC32003B0923 /* PBXTargetDependency */ = {
			isa = PBXTargetDependency;
			target = 1231BBC22FEACC31003B0923 /* uniks */;
			targetProxy = 1231BBDD2FEACC32003B0923 /* PBXContainerItemProxy */;
		};
/* End PBXTargetDependency section */

/* Begin XCBuildConfiguration section */
		1231BBE42FEACC32003B0923 /* Debug */ = {
			isa = XCBuildConfiguration;
			buildSettings = {
				ALWAYS_SEARCH_USER_PATHS = NO;
				ASSETCATALOG_COMPILER_GENERATE_SWIFT_ASSET_SYMBOL_EXTENSIONS = YES;
				CLANG_ANALYZER_NONNULL = YES;
				CLANG_ANALYZER_NUMBER_OBJECT_CONVERSION = YES_AGGRESSIVE;
				CLANG_CXX_LANGUAGE_STANDARD = "gnu++20";
				CLANG_ENABLE_MODULES = YES;
				CLANG_ENABLE_OBJC_ARC = YES;
				CLANG_ENABLE_OBJC_WEAK = YES;
				CLANG_WARN_BLOCK_CAPTURE_AUTORELEASING = YES;
				CLANG_WARN_BOOL_CONVERSION = YES;
				CLANG_WARN_COMMA = YES;
				CLANG_WARN_CONSTANT_CONVERSION = YES;
				CLANG_WARN_DEPRECATED_OBJC_IMPLEMENTATIONS = YES;
				CLANG_WARN_DIRECT_OBJC_ISA_USAGE = YES_ERROR;
				CLANG_WARN_DOCUMENTATION_COMMENTS = YES;
				CLANG_WARN_EMPTY_BODY = YES;
				CLANG_WARN_ENUM_CONVERSION = YES;
				CLANG_WARN_INFINITE_RECURSION = YES;
				CLANG_WARN_INT_CONVERSION = YES;
				CLANG_WARN_NON_LITERAL_NULL_CONVERSION = YES;
				CLANG_WARN_OBJC_IMPLICIT_RETAIN_SELF = YES;
				CLANG_WARN_OBJC_LITERAL_CONVERSION = YES;
				CLANG_WARN_OBJC_ROOT_CLASS = YES_ERROR;
				CLANG_WARN_QUOTED_INCLUDE_IN_FRAMEWORK_HEADER = YES;
				CLANG_WARN_RANGE_LOOP_ANALYSIS = YES;
				CLANG_WARN_STRICT_PROTOTYPES = YES;
				CLANG_WARN_SUSPICIOUS_MOVE = YES;
				CLANG_WARN_UNGUARDED_AVAILABILITY = YES_AGGRESSIVE;
				CLANG_WARN_UNREACHABLE_CODE = YES;
				CLANG_WARN__DUPLICATE_METHOD_MATCH = YES;
				COPY_PHASE_STRIP = NO;
				DEBUG_INFORMATION_FORMAT = dwarf;
				ENABLE_STRICT_OBJC_MSGSEND = YES;
				ENABLE_TESTABILITY = YES;
				ENABLE_USER_SCRIPT_SANDBOXING = YES;
				GCC_C_LANGUAGE_STANDARD = gnu17;
				GCC_DYNAMIC_NO_PIC = NO;
				GCC_NO_COMMON_BLOCKS = YES;
				GCC_OPTIMIZATION_LEVEL = 0;
				GCC_PREPROCESSOR_DEFINITIONS = (
					"DEBUG=1",
					"$(inherited)",
				);
				GCC_WARN_64_TO_32_BIT_CONVERSION = YES;
				GCC_WARN_ABOUT_RETURN_TYPE = YES_ERROR;
				GCC_WARN_UNDECLARED_SELECTOR = YES;
				GCC_WARN_UNINITIALIZED_AUTOS = YES_AGGRESSIVE;
				GCC_WARN_UNUSED_FUNCTION = YES;
				GCC_WARN_UNUSED_VARIABLE = YES;
				LOCALIZATION_PREFERS_STRING_CATALOGS = YES;
				MTL_ENABLE_DEBUG_INFO = INCLUDE_SOURCE;
				MTL_FAST_MATH = YES;
				ONLY_ACTIVE_ARCH = YES;
				SWIFT_ACTIVE_COMPILATION_CONDITIONS = "DEBUG $(inherited)";
				SWIFT_OPTIMIZATION_LEVEL = "-Onone";
			};
			name = Debug;
		};
		1231BBE52FEACC32003B0923 /* Release */ = {
			isa = XCBuildConfiguration;
			buildSettings = {
				ALWAYS_SEARCH_USER_PATHS = NO;
				ASSETCATALOG_COMPILER_GENERATE_SWIFT_ASSET_SYMBOL_EXTENSIONS = YES;
				CLANG_ANALYZER_NONNULL = YES;
				CLANG_ANALYZER_NUMBER_OBJECT_CONVERSION = YES_AGGRESSIVE;
				CLANG_CXX_LANGUAGE_STANDARD = "gnu++20";
				CLANG_ENABLE_MODULES = YES;
				CLANG_ENABLE_OBJC_ARC = YES;
				CLANG_ENABLE_OBJC_WEAK = YES;
				CLANG_WARN_BLOCK_CAPTURE_AUTORELEASING = YES;
				CLANG_WARN_BOOL_CONVERSION = YES;
				CLANG_WARN_COMMA = YES;
				CLANG_WARN_CONSTANT_CONVERSION = YES;
				CLANG_WARN_DEPRECATED_OBJC_IMPLEMENTATIONS = YES;
				CLANG_WARN_DIRECT_OBJC_ISA_USAGE = YES_ERROR;
				CLANG_WARN_DOCUMENTATION_COMMENTS = YES;
				CLANG_WARN_EMPTY_BODY = YES;
				CLANG_WARN_ENUM_CONVERSION = YES;
				CLANG_WARN_INFINITE_RECURSION = YES;
				CLANG_WARN_INT_CONVERSION = YES;
				CLANG_WARN_NON_LITERAL_NULL_CONVERSION = YES;
				CLANG_WARN_OBJC_IMPLICIT_RETAIN_SELF = YES;
				CLANG_WARN_OBJC_LITERAL_CONVERSION = YES;
				CLANG_WARN_OBJC_ROOT_CLASS = YES_ERROR;
				CLANG_WARN_QUOTED_INCLUDE_IN_FRAMEWORK_HEADER = YES;
				CLANG_WARN_RANGE_LOOP_ANALYSIS = YES;
				CLANG_WARN_STRICT_PROTOTYPES = YES;
				CLANG_WARN_SUSPICIOUS_MOVE = YES;
				CLANG_WARN_UNGUARDED_AVAILABILITY = YES_AGGRESSIVE;
				CLANG_WARN_UNREACHABLE_CODE = YES;
				CLANG_WARN__DUPLICATE_METHOD_MATCH = YES;
				COPY_PHASE_STRIP = NO;
				DEBUG_INFORMATION_FORMAT = "dwarf-with-dsym";
				ENABLE_NS_ASSERTIONS = NO;
				ENABLE_STRICT_OBJC_MSGSEND = YES;
				ENABLE_USER_SCRIPT_SANDBOXING = YES;
				GCC_C_LANGUAGE_STANDARD = gnu17;
				GCC_NO_COMMON_BLOCKS = YES;
				GCC_WARN_64_TO_32_BIT_CONVERSION = YES;
				GCC_WARN_ABOUT_RETURN_TYPE = YES_ERROR;
				GCC_WARN_UNDECLARED_SELECTOR = YES;
				GCC_WARN_UNINITIALIZED_AUTOS = YES_AGGRESSIVE;
				GCC_WARN_UNUSED_FUNCTION = YES;
				GCC_WARN_UNUSED_VARIABLE = YES;
				LOCALIZATION_PREFERS_STRING_CATALOGS = YES;
				MTL_ENABLE_DEBUG_INFO = NO;
				MTL_FAST_MATH = YES;
				SWIFT_COMPILATION_MODE = wholemodule;
			};
			name = Release;
		};
		1231BBE72FEACC32003B0923 /* Debug */ = {
			isa = XCBuildConfiguration;
			buildSettings = {
				ASSETCATALOG_COMPILER_APPICON_NAME = AppIcon;
				ASSETCATALOG_COMPILER_GLOBAL_ACCENT_COLOR_NAME = AccentColor;
				CODE_SIGN_STYLE = Automatic;
				CURRENT_PROJECT_VERSION = 1;
				DEVELOPMENT_TEAM = XK5CCURK4K;
				ENABLE_APP_SANDBOX = YES;
				ENABLE_PREVIEWS = YES;
				ENABLE_USER_SELECTED_FILES = readonly;
				GENERATE_INFOPLIST_FILE = YES;
				"INFOPLIST_KEY_UIApplicationSceneManifest_Generation[sdk=iphoneos*]" = YES;
				"INFOPLIST_KEY_UIApplicationSceneManifest_Generation[sdk=iphonesimulator*]" = YES;
				"INFOPLIST_KEY_UIApplicationSupportsIndirectInputEvents[sdk=iphoneos*]" = YES;
				"INFOPLIST_KEY_UIApplicationSupportsIndirectInputEvents[sdk=iphonesimulator*]" = YES;
				"INFOPLIST_KEY_UILaunchScreen_Generation[sdk=iphoneos*]" = YES;
				"INFOPLIST_KEY_UILaunchScreen_Generation[sdk=iphonesimulator*]" = YES;
				"INFOPLIST_KEY_UIStatusBarStyle[sdk=iphoneos*]" = UIStatusBarStyleDefault;
				"INFOPLIST_KEY_UIStatusBarStyle[sdk=iphonesimulator*]" = UIStatusBarStyleDefault;
				INFOPLIST_KEY_UISupportedInterfaceOrientations_iPad = "UIInterfaceOrientationPortrait UIInterfaceOrientationPortraitUpsideDown UIInterfaceOrientationLandscapeLeft UIInterfaceOrientationLandscapeRight";
				INFOPLIST_KEY_UISupportedInterfaceOrientations_iPhone = "UIInterfaceOrientationPortrait UIInterfaceOrientationLandscapeLeft UIInterfaceOrientationLandscapeRight";
				IPHONEOS_DEPLOYMENT_TARGET = 26.5;
				LD_RUNPATH_SEARCH_PATHS = "@executable_path/Frameworks";
				"LD_RUNPATH_SEARCH_PATHS[sdk=macosx*]" = "@executable_path/../Frameworks";
				MACOSX_DEPLOYMENT_TARGET = 26.5;
				MARKETING_VERSION = 1.0;
				PRODUCT_BUNDLE_IDENTIFIER = uniks.uniks;
				PRODUCT_NAME = "$(TARGET_NAME)";
				REGISTER_APP_GROUPS = YES;
				SDKROOT = auto;
				STRING_CATALOG_GENERATE_SYMBOLS = YES;
				SUPPORTED_PLATFORMS = "iphoneos iphonesimulator macosx xros xrsimulator";
				SWIFT_APPROACHABLE_CONCURRENCY = YES;
				SWIFT_DEFAULT_ACTOR_ISOLATION = MainActor;
				SWIFT_EMIT_LOC_STRINGS = YES;
				SWIFT_UPCOMING_FEATURE_MEMBER_IMPORT_VISIBILITY = YES;
				SWIFT_VERSION = 5.0;
				TARGETED_DEVICE_FAMILY = "1,2,7";
				XROS_DEPLOYMENT_TARGET = 26.5;
			};
			name = Debug;
		};
		1231BBE82FEACC32003B0923 /* Release */ = {
			isa = XCBuildConfiguration;
			buildSettings = {
				ASSETCATALOG_COMPILER_APPICON_NAME = AppIcon;
				ASSETCATALOG_COMPILER_GLOBAL_ACCENT_COLOR_NAME = AccentColor;
				CODE_SIGN_STYLE = Automatic;
				CURRENT_PROJECT_VERSION = 1;
				DEVELOPMENT_TEAM = XK5CCURK4K;
				ENABLE_APP_SANDBOX = YES;
				ENABLE_PREVIEWS = YES;
				ENABLE_USER_SELECTED_FILES = readonly;
				GENERATE_INFOPLIST_FILE = YES;
				"INFOPLIST_KEY_UIApplicationSceneManifest_Generation[sdk=iphoneos*]" = YES;
				"INFOPLIST_KEY_UIApplicationSceneManifest_Generation[sdk=iphonesimulator*]" = YES;
				"INFOPLIST_KEY_UIApplicationSupportsIndirectInputEvents[sdk=iphoneos*]" = YES;
				"INFOPLIST_KEY_UIApplicationSupportsIndirectInputEvents[sdk=iphonesimulator*]" = YES;
				"INFOPLIST_KEY_UILaunchScreen_Generation[sdk=iphoneos*]" = YES;
				"INFOPLIST_KEY_UILaunchScreen_Generation[sdk=iphonesimulator*]" = YES;
				"INFOPLIST_KEY_UIStatusBarStyle[sdk=iphoneos*]" = UIStatusBarStyleDefault;
				"INFOPLIST_KEY_UIStatusBarStyle[sdk=iphonesimulator*]" = UIStatusBarStyleDefault;
				INFOPLIST_KEY_UISupportedInterfaceOrientations_iPad = "UIInterfaceOrientationPortrait UIInterfaceOrientationPortraitUpsideDown UIInterfaceOrientationLandscapeLeft UIInterfaceOrientationLandscapeRight";
				INFOPLIST_KEY_UISupportedInterfaceOrientations_iPhone = "UIInterfaceOrientationPortrait UIInterfaceOrientationLandscapeLeft UIInterfaceOrientationLandscapeRight";
				IPHONEOS_DEPLOYMENT_TARGET = 26.5;
				LD_RUNPATH_SEARCH_PATHS = "@executable_path/Frameworks";
				"LD_RUNPATH_SEARCH_PATHS[sdk=macosx*]" = "@executable_path/../Frameworks";
				MACOSX_DEPLOYMENT_TARGET = 26.5;
				MARKETING_VERSION = 1.0;
				PRODUCT_BUNDLE_IDENTIFIER = uniks.uniks;
				PRODUCT_NAME = "$(TARGET_NAME)";
				REGISTER_APP_GROUPS = YES;
				SDKROOT = auto;
				STRING_CATALOG_GENERATE_SYMBOLS = YES;
				SUPPORTED_PLATFORMS = "iphoneos iphonesimulator macosx xros xrsimulator";
				SWIFT_APPROACHABLE_CONCURRENCY = YES;
				SWIFT_DEFAULT_ACTOR_ISOLATION = MainActor;
				SWIFT_EMIT_LOC_STRINGS = YES;
				SWIFT_UPCOMING_FEATURE_MEMBER_IMPORT_VISIBILITY = YES;
				SWIFT_VERSION = 5.0;
				TARGETED_DEVICE_FAMILY = "1,2,7";
				XROS_DEPLOYMENT_TARGET = 26.5;
			};
			name = Release;
		};
		1231BBEA2FEACC32003B0923 /* Debug */ = {
			isa = XCBuildConfiguration;
			buildSettings = {
				BUNDLE_LOADER = "$(TEST_HOST)";
				CODE_SIGN_STYLE = Automatic;
				CURRENT_PROJECT_VERSION = 1;
				GENERATE_INFOPLIST_FILE = YES;
				IPHONEOS_DEPLOYMENT_TARGET = 26.5;
				MACOSX_DEPLOYMENT_TARGET = 26.5;
				MARKETING_VERSION = 1.0;
				PRODUCT_BUNDLE_IDENTIFIER = uniks.uniksTests;
				PRODUCT_NAME = "$(TARGET_NAME)";
				SDKROOT = auto;
				STRING_CATALOG_GENERATE_SYMBOLS = NO;
				SUPPORTED_PLATFORMS = "iphoneos iphonesimulator macosx xros xrsimulator";
				SWIFT_APPROACHABLE_CONCURRENCY = YES;
				SWIFT_EMIT_LOC_STRINGS = NO;
				SWIFT_UPCOMING_FEATURE_MEMBER_IMPORT_VISIBILITY = YES;
				SWIFT_VERSION = 5.0;
				TARGETED_DEVICE_FAMILY = "1,2,7";
				TEST_HOST = "$(BUILT_PRODUCTS_DIR)/uniks.app/$(BUNDLE_EXECUTABLE_FOLDER_PATH)/uniks";
				XROS_DEPLOYMENT_TARGET = 26.5;
			};
			name = Debug;
		};
		1231BBEB2FEACC32003B0923 /* Release */ = {
			isa = XCBuildConfiguration;
			buildSettings = {
				BUNDLE_LOADER = "$(TEST_HOST)";
				CODE_SIGN_STYLE = Automatic;
				CURRENT_PROJECT_VERSION = 1;
				GENERATE_INFOPLIST_FILE = YES;
				IPHONEOS_DEPLOYMENT_TARGET = 26.5;
				MACOSX_DEPLOYMENT_TARGET = 26.5;
				MARKETING_VERSION = 1.0;
				PRODUCT_BUNDLE_IDENTIFIER = uniks.uniksTests;
				PRODUCT_NAME = "$(TARGET_NAME)";
				SDKROOT = auto;
				STRING_CATALOG_GENERATE_SYMBOLS = NO;
				SUPPORTED_PLATFORMS = "iphoneos iphonesimulator macosx xros xrsimulator";
				SWIFT_APPROACHABLE_CONCURRENCY = YES;
				SWIFT_EMIT_LOC_STRINGS = NO;
				SWIFT_UPCOMING_FEATURE_MEMBER_IMPORT_VISIBILITY = YES;
				SWIFT_VERSION = 5.0;
				TARGETED_DEVICE_FAMILY = "1,2,7";
				TEST_HOST = "$(BUILT_PRODUCTS_DIR)/uniks.app/$(BUNDLE_EXECUTABLE_FOLDER_PATH)/uniks";
				XROS_DEPLOYMENT_TARGET = 26.5;
			};
			name = Release;
		};
		1231BBED2FEACC32003B0923 /* Debug */ = {
			isa = XCBuildConfiguration;
			buildSettings = {
				CODE_SIGN_STYLE = Automatic;
				CURRENT_PROJECT_VERSION = 1;
				GENERATE_INFOPLIST_FILE = YES;
				IPHONEOS_DEPLOYMENT_TARGET = 26.5;
				MACOSX_DEPLOYMENT_TARGET = 26.5;
				MARKETING_VERSION = 1.0;
				PRODUCT_BUNDLE_IDENTIFIER = uniks.uniksUITests;
				PRODUCT_NAME = "$(TARGET_NAME)";
				SDKROOT = auto;
				STRING_CATALOG_GENERATE_SYMBOLS = NO;
				SUPPORTED_PLATFORMS = "iphoneos iphonesimulator macosx xros xrsimulator";
				SWIFT_APPROACHABLE_CONCURRENCY = YES;
				SWIFT_EMIT_LOC_STRINGS = NO;
				SWIFT_UPCOMING_FEATURE_MEMBER_IMPORT_VISIBILITY = YES;
				SWIFT_VERSION = 5.0;
				TARGETED_DEVICE_FAMILY = "1,2,7";
				TEST_TARGET_NAME = uniks;
				XROS_DEPLOYMENT_TARGET = 26.5;
			};
			name = Debug;
		};
		1231BBEE2FEACC32003B0923 /* Release */ = {
			isa = XCBuildConfiguration;
			buildSettings = {
				CODE_SIGN_STYLE = Automatic;
				CURRENT_PROJECT_VERSION = 1;
				GENERATE_INFOPLIST_FILE = YES;
				IPHONEOS_DEPLOYMENT_TARGET = 26.5;
				MACOSX_DEPLOYMENT_TARGET = 26.5;
				MARKETING_VERSION = 1.0;
				PRODUCT_BUNDLE_IDENTIFIER = uniks.uniksUITests;
				PRODUCT_NAME = "$(TARGET_NAME)";
				SDKROOT = auto;
				STRING_CATALOG_GENERATE_SYMBOLS = NO;
				SUPPORTED_PLATFORMS = "iphoneos iphonesimulator macosx xros xrsimulator";
				SWIFT_APPROACHABLE_CONCURRENCY = YES;
				SWIFT_EMIT_LOC_STRINGS = NO;
				SWIFT_UPCOMING_FEATURE_MEMBER_IMPORT_VISIBILITY = YES;
				SWIFT_VERSION = 5.0;
				TARGETED_DEVICE_FAMILY = "1,2,7";
				TEST_TARGET_NAME = uniks;
				XROS_DEPLOYMENT_TARGET = 26.5;
			};
			name = Release;
		};
/* End XCBuildConfiguration section */

/* Begin XCConfigurationList section */
		1231BBBE2FEACC31003B0923 /* Build configuration list for PBXProject "uniks" */ = {
			isa = XCConfigurationList;
			buildConfigurations = (
				1231BBE42FEACC32003B0923 /* Debug */,
				1231BBE52FEACC32003B0923 /* Release */,
			);
			defaultConfigurationIsVisible = 0;
			defaultConfigurationName = Release;
		};
		1231BBE62FEACC32003B0923 /* Build configuration list for PBXNativeTarget "uniks" */ = {
			isa = XCConfigurationList;
			buildConfigurations = (
				1231BBE72FEACC32003B0923 /* Debug */,
				1231BBE82FEACC32003B0923 /* Release */,
			);
			defaultConfigurationIsVisible = 0;
			defaultConfigurationName = Release;
		};
		1231BBE92FEACC32003B0923 /* Build configuration list for PBXNativeTarget "uniksTests" */ = {
			isa = XCConfigurationList;
			buildConfigurations = (
				1231BBEA2FEACC32003B0923 /* Debug */,
				1231BBEB2FEACC32003B0923 /* Release */,
			);
			defaultConfigurationIsVisible = 0;
			defaultConfigurationName = Release;
		};
		1231BBEC2FEACC32003B0923 /* Build configuration list for PBXNativeTarget "uniksUITests" */ = {
			isa = XCConfigurationList;
			buildConfigurations = (
				1231BBED2FEACC32003B0923 /* Debug */,
				1231BBEE2FEACC32003B0923 /* Release */,
			);
			defaultConfigurationIsVisible = 0;
			defaultConfigurationName = Release;
		};
/* End XCConfigurationList section */

/* Begin XCRemoteSwiftPackageReference section */
		0BC515049A6EA3BF993F0686 /* XCRemoteSwiftPackageReference "mlx-swift-examples" */ = {
			isa = XCRemoteSwiftPackageReference;
			repositoryURL = "https://github.com/ml-explore/mlx-swift-examples.git";
			requirement = {
				branch = main;
				kind = branch;
			};
		};
		3FEC60A3816E679E62C906C9 /* XCRemoteSwiftPackageReference "SwiftFTS" */ = {
			isa = XCRemoteSwiftPackageReference;
			repositoryURL = "https://github.com/cbess/SwiftFTS.git";
			requirement = {
				branch = main;
				kind = branch;
			};
		};
/* End XCRemoteSwiftPackageReference section */

/* Begin XCSwiftPackageProductDependency section */
		32EC4397B9D5E96064010436 /* MLXLMCommon */ = {
			isa = XCSwiftPackageProductDependency;
			package = 0BC515049A6EA3BF993F0686 /* XCRemoteSwiftPackageReference "mlx-swift-examples" */;
			productName = MLXLMCommon;
		};
		82E8CCBDDECCC3976092ADBA /* SwiftFTS */ = {
			isa = XCSwiftPackageProductDependency;
			package = 3FEC60A3816E679E62C906C9 /* XCRemoteSwiftPackageReference "SwiftFTS" */;
			productName = SwiftFTS;
		};
		D4DCE9C8E6266305E3247891 /* SwiftFTS */ = {
			isa = XCSwiftPackageProductDependency;
			package = 3FEC60A3816E679E62C906C9 /* XCRemoteSwiftPackageReference "SwiftFTS" */;
			productName = SwiftFTS;
		};
		DF2340456193B9454A9C4FDF /* MLXLMCommon */ = {
			isa = XCSwiftPackageProductDependency;
			package = 0BC515049A6EA3BF993F0686 /* XCRemoteSwiftPackageReference "mlx-swift-examples" */;
			productName = MLXLMCommon;
		};
/* End XCSwiftPackageProductDependency section */
	};
	rootObject = 1231BBBB2FEACC31003B0923 /* Project object */;
}
