// !$*UTF8*$!
{
	archiveVersion = 1;
	classes = {
	};
	objectVersion = 77;
	objects = {

/* Begin PBXBuildFile section */
		0E0758986F555B47EE7E2F3A /* MLXHuggingFace in Frameworks */ = {isa = PBXBuildFile; productRef = 9C1CB24E4DEC300A68875D52 /* MLXHuggingFace */; };
		1A44705D2C4B94D5FD7C6AFA /* MLXHuggingFace in Frameworks */ = {isa = PBXBuildFile; productRef = 214E0440E02FDAFA17F8F818 /* MLXHuggingFace */; };
		2709047B7D559304C5B196B7 /* OllamaLLMEngine.swift in Sources */ = {isa = PBXBuildFile; fileRef = 77FC5AF426ADD621F139CCD1 /* OllamaLLMEngine.swift */; };
		2AB24192F701E907D4DEA5A9 /* SwiftFTS in Frameworks */ = {isa = PBXBuildFile; productRef = D4DCE9C8E6266305E3247891 /* SwiftFTS */; };
		2EB9214E8BFD3D2F252A8954 /* HuggingFace in Frameworks */ = {isa = PBXBuildFile; productRef = 4C5DEC489960C37421DB016D /* HuggingFace */; };
		4A72C4A2F0CBC88C566EA44E /* HuggingFace in Frameworks */ = {isa = PBXBuildFile; productRef = 0CFCB8C7711BF0A7CE4E1FDA /* HuggingFace */; };
		553DF2F19C0BD188B9ED7638 /* MLXLLM in Frameworks */ = {isa = PBXBuildFile; productRef = CB66A18F3F93B197254065E6 /* MLXLLM */; };
		7D62A9011814AAA007DB63C2 /* Tokenizers in Frameworks */ = {isa = PBXBuildFile; productRef = A482D3690D66FB1E93202FE6 /* Tokenizers */; };
		84C58759EBD3A67347542FB3 /* SwiftFTS in Frameworks */ = {isa = PBXBuildFile; productRef = 82E8CCBDDECCC3976092ADBA /* SwiftFTS */; };
		8A167D2AE3EFEDA192744158 /* MLXLMCommon in Frameworks */ = {isa = PBXBuildFile; productRef = FC4F45A847308690A54E0AA6 /* MLXLMCommon */; };
		8AFC03FEB254C08D85B26CCB /* uniksApp.swift in Sources */ = {isa = PBXBuildFile; fileRef = 3BE13B67D65497859309FD19 /* uniksApp.swift */; };
		8E9B4393B6E595CFB97AB785 /* MLXLMCommon in Frameworks */ = {isa = PBXBuildFile; productRef = 0F5AC96A8352B4AD9E9FD71D /* MLXLMCommon */; };
		95A9458BADF92B390CA07D04 /* HabitEventTests.swift in Sources */ = {isa = PBXBuildFile; fileRef = CEF903000DC52CB096136BB9 /* HabitEventTests.swift */; };
		9706DEA674889006C1307A4F /* Tokenizers in Frameworks */ = {isa = PBXBuildFile; productRef = 67EA828F2DBC5FE43BD68564 /* Tokenizers */; };
		983B81390487C6D7A17E2043 /* LocalLLMEngine.swift in Sources */ = {isa = PBXBuildFile; fileRef = 56C243AFD80738A091E99C9C /* LocalLLMEngine.swift */; };
		A029549D1AA3BEA79A2D0872 /* ParsingActor.swift in Sources */ = {isa = PBXBuildFile; fileRef = 806A5388AA4C3F230241E925 /* ParsingActor.swift */; };
		A554EAA7CF03C19135FD8C72 /* MLXLLM in Frameworks */ = {isa = PBXBuildFile; productRef = 892549ECFF807AE7E2E68837 /* MLXLLM */; };
		A7C46126AAFFBA94990A454E /* HabitParseResultTests.swift in Sources */ = {isa = PBXBuildFile; fileRef = C520937C3BD7ED8207B2937C /* HabitParseResultTests.swift */; };
		B6451E0191B3C75C1BED25DE /* HabitEvent.swift in Sources */ = {isa = PBXBuildFile; fileRef = ECE864925212E46725665C9A /* HabitEvent.swift */; };
		B912C63F23148A2A05C27AC3 /* MLXLLMEngine.swift in Sources */ = {isa = PBXBuildFile; fileRef = DEBB2BFA1D4C76D8E40A8F7E /* MLXLLMEngine.swift */; };
		D90540A51F35AEE1FCBD2C8C /* ContentView.swift in Sources */ = {isa = PBXBuildFile; fileRef = 60FCBA51FC839B8B88438BD9 /* ContentView.swift */; };
/* End PBXBuildFile section */

/* Begin PBXContainerItemProxy section */
		1231BBD32FEACC32003B0923 /* PBXContainerItemProxy */ = {
			isa = PBXContainerItemProxy;
			containerPortal = 1231BBBB2FEACC31003B0923 /* Project object */;
			proxyType = 1;
			remoteGlobalIDString = 1231BBC22FEACC31003B0923;
			remoteInfo = uniks;
		};
/* End PBXContainerItemProxy section */

/* Begin PBXFileReference section */
		01734D5AAEDD6572F41E49E0 /* USectionHeader.swift */ = {isa = PBXFileReference; lastKnownFileType = sourcecode.swift; name = USectionHeader.swift; path = uniks/UI/Shared/USectionHeader.swift; sourceTree = SOURCE_ROOT; };
		018A4A5DAF978DFF878B0E35 /* AnimationTokens.swift */ = {isa = PBXFileReference; lastKnownFileType = sourcecode.swift; name = AnimationTokens.swift; path = uniks/UI/DesignSystem/AnimationTokens.swift; sourceTree = SOURCE_ROOT; };
		054D4458B0777CE69869BD93 /* JSONRepairService.swift */ = {isa = PBXFileReference; lastKnownFileType = sourcecode.swift; name = JSONRepairService.swift; path = uniks/Core/Services/JSONRepairService.swift; sourceTree = SOURCE_ROOT; };
		086141C59CF652A0CBF6C9E4 /* Icons.swift */ = {isa = PBXFileReference; lastKnownFileType = sourcecode.swift; name = Icons.swift; path = uniks/UI/DesignSystem/Icons.swift; sourceTree = SOURCE_ROOT; };
		10B94A34B43B13E308A847AD /* NotificationService.swift */ = {isa = PBXFileReference; lastKnownFileType = sourcecode.swift; name = NotificationService.swift; path = uniks/Core/Services/NotificationService.swift; sourceTree = SOURCE_ROOT; };
		1231BBC32FEACC31003B0923 /* uniks.app */ = {isa = PBXFileReference; explicitFileType = wrapper.application; includeInIndex = 0; path = uniks.app; sourceTree = BUILT_PRODUCTS_DIR; };
		1231BBD22FEACC32003B0923 /* uniksTests.xctest */ = {isa = PBXFileReference; explicitFileType = wrapper.cfbundle; includeInIndex = 0; path = uniksTests.xctest; sourceTree = BUILT_PRODUCTS_DIR; };
		142C4FFA88A71E605FE0CF5D /* QuickInputViewModel.swift */ = {isa = PBXFileReference; lastKnownFileType = sourcecode.swift; name = QuickInputViewModel.swift; path = uniks/UI/HUD/QuickInputViewModel.swift; sourceTree = SOURCE_ROOT; };
		14884089BE5845D403365FB3 /* ModelDownloader.swift */ = {isa = PBXFileReference; lastKnownFileType = sourcecode.swift; name = ModelDownloader.swift; path = uniks/Core/Protocols/ModelDownloader.swift; sourceTree = SOURCE_ROOT; };
		1D344DF6983BC762D4B07D68 /* EnginePreference.swift */ = {isa = PBXFileReference; lastKnownFileType = sourcecode.swift; name = EnginePreference.swift; path = uniks/Core/Models/EnginePreference.swift; sourceTree = SOURCE_ROOT; };
		24F94EB6B83D03652EDE34D4 /* QuickInputView.swift */ = {isa = PBXFileReference; lastKnownFileType = sourcecode.swift; name = QuickInputView.swift; path = uniks/UI/HUD/QuickInputView.swift; sourceTree = SOURCE_ROOT; };
		252C49FABA515858A031B17F /* MockLLMEngine.swift */ = {isa = PBXFileReference; lastKnownFileType = sourcecode.swift; name = MockLLMEngine.swift; path = uniks/Core/Engines/MockLLMEngine.swift; sourceTree = SOURCE_ROOT; };
		28CA42EFAABCCE4E22220B20 /* HapticEngine.swift */ = {isa = PBXFileReference; lastKnownFileType = sourcecode.swift; name = HapticEngine.swift; path = uniks/Core/Services/HapticEngine.swift; sourceTree = SOURCE_ROOT; };
		2B0B41E3BB67AE82AEDDB875 /* UserCorrectionsStore.swift */ = {isa = PBXFileReference; lastKnownFileType = sourcecode.swift; name = UserCorrectionsStore.swift; path = uniks/Core/Services/UserCorrectionsStore.swift; sourceTree = SOURCE_ROOT; };
		30484DD4A9FDB4F63F8D87B9 /* HuggingFaceModelDownloader.swift */ = {isa = PBXFileReference; lastKnownFileType = sourcecode.swift; name = HuggingFaceModelDownloader.swift; path = uniks/Core/Services/HuggingFaceModelDownloader.swift; sourceTree = SOURCE_ROOT; };
		30D142188115375F57A860A6 /* DashboardView.swift */ = {isa = PBXFileReference; lastKnownFileType = sourcecode.swift; name = DashboardView.swift; path = uniks/UI/Dashboard/DashboardView.swift; sourceTree = SOURCE_ROOT; };
		354246B3BFF29F3EF39837F0 /* ImportView.swift */ = {isa = PBXFileReference; lastKnownFileType = sourcecode.swift; name = ImportView.swift; path = uniks/UI/Settings/ImportView.swift; sourceTree = SOURCE_ROOT; };
		38AF452C88B6270A63BB1A3B /* UEmptyState.swift */ = {isa = PBXFileReference; lastKnownFileType = sourcecode.swift; name = UEmptyState.swift; path = uniks/UI/Shared/UEmptyState.swift; sourceTree = SOURCE_ROOT; };
		3A5141769BDFF87D931013BC /* GoalService.swift */ = {isa = PBXFileReference; lastKnownFileType = sourcecode.swift; name = GoalService.swift; path = uniks/Core/Services/GoalService.swift; sourceTree = SOURCE_ROOT; };
		3B8547339917A354E0F7FF9C /* ParsingPipeline.swift */ = {isa = PBXFileReference; lastKnownFileType = sourcecode.swift; name = ParsingPipeline.swift; path = uniks/Core/Actors/ParsingPipeline.swift; sourceTree = SOURCE_ROOT; };
		3B954642ADC3F7184B6E2A61 /* NaturalTimeParser.swift */ = {isa = PBXFileReference; lastKnownFileType = sourcecode.swift; name = NaturalTimeParser.swift; path = uniks/Core/Services/NaturalTimeParser.swift; sourceTree = SOURCE_ROOT; };
		3BE13B67D65497859309FD19 /* uniksApp.swift */ = {isa = PBXFileReference; includeInIndex = 1; lastKnownFileType = sourcecode.swift; path = uniksApp.swift; sourceTree = "<group>"; };
		3E7A4E6EBA1D64A36801DB55 /* DashboardViewModel.swift */ = {isa = PBXFileReference; lastKnownFileType = sourcecode.swift; name = DashboardViewModel.swift; path = uniks/UI/Dashboard/DashboardViewModel.swift; sourceTree = SOURCE_ROOT; };
		40BD45E0AF82B53C27FC5311 /* ParseConfidence.swift */ = {isa = PBXFileReference; lastKnownFileType = sourcecode.swift; name = ParseConfidence.swift; path = uniks/Core/Models/ParseConfidence.swift; sourceTree = SOURCE_ROOT; };
		410529F8BE2444BB630A6877 /* ParsingActorTests.swift */ = {isa = PBXFileReference; includeInIndex = 1; lastKnownFileType = sourcecode.swift; path = ParsingActorTests.swift; sourceTree = "<group>"; };
		4205F86F25A748FD8CA39061 /* OllamaLLMEngineTests.swift */ = {isa = PBXFileReference; includeInIndex = 1; lastKnownFileType = sourcecode.swift; path = OllamaLLMEngineTests.swift; sourceTree = "<group>"; };
		420A41A3A86C6C0EA1222C28 /* ExportService.swift */ = {isa = PBXFileReference; lastKnownFileType = sourcecode.swift; name = ExportService.swift; path = uniks/Core/Services/ExportService.swift; sourceTree = SOURCE_ROOT; };
		42174188901F74596BA3448F /* RecurringTemplateView.swift */ = {isa = PBXFileReference; lastKnownFileType = sourcecode.swift; name = RecurringTemplateView.swift; path = uniks/UI/Settings/RecurringTemplateView.swift; sourceTree = SOURCE_ROOT; };
		427740CB851E5CFE503AF0F8 /* OnboardingSubviews.swift */ = {isa = PBXFileReference; lastKnownFileType = sourcecode.swift; name = OnboardingSubviews.swift; path = uniks/UI/Onboarding/OnboardingSubviews.swift; sourceTree = SOURCE_ROOT; };
		441A4F279F6009F52EF640C5 /* ImportService.swift */ = {isa = PBXFileReference; lastKnownFileType = sourcecode.swift; name = ImportService.swift; path = uniks/Core/Services/ImportService.swift; sourceTree = SOURCE_ROOT; };
		443B458CBD1408054D9C206D /* UEngineStatusBadge.swift */ = {isa = PBXFileReference; lastKnownFileType = sourcecode.swift; name = UEngineStatusBadge.swift; path = uniks/UI/Shared/UEngineStatusBadge.swift; sourceTree = SOURCE_ROOT; };
		454A4E7F988AE47973551462 /* Goal.swift */ = {isa = PBXFileReference; lastKnownFileType = sourcecode.swift; name = Goal.swift; path = uniks/Core/Models/Goal.swift; sourceTree = SOURCE_ROOT; };
		4653499E9E8FC4755A641FAD /* ViewModifiers.swift */ = {isa = PBXFileReference; lastKnownFileType = sourcecode.swift; name = ViewModifiers.swift; path = uniks/UI/DesignSystem/ViewModifiers.swift; sourceTree = SOURCE_ROOT; };
		46C84545A926D73EBCE54C8C /* LocalModel.swift */ = {isa = PBXFileReference; lastKnownFileType = sourcecode.swift; name = LocalModel.swift; path = uniks/Core/Models/LocalModel.swift; sourceTree = SOURCE_ROOT; };
		472D46FCA814006E18539254 /* UStatBox.swift */ = {isa = PBXFileReference; lastKnownFileType = sourcecode.swift; name = UStatBox.swift; path = uniks/UI/Shared/UStatBox.swift; sourceTree = SOURCE_ROOT; };
		4B1445AE9D07CB55BDF99B98 /* EnrichmentActor.swift */ = {isa = PBXFileReference; lastKnownFileType = sourcecode.swift; name = EnrichmentActor.swift; path = uniks/Core/Actors/EnrichmentActor.swift; sourceTree = SOURCE_ROOT; };
		4C2F49678DD98E3E38C80C55 /* CategoryManagementView.swift */ = {isa = PBXFileReference; lastKnownFileType = sourcecode.swift; name = CategoryManagementView.swift; path = uniks/UI/Settings/CategoryManagementView.swift; sourceTree = SOURCE_ROOT; };
		56C243AFD80738A091E99C9C /* LocalLLMEngine.swift */ = {isa = PBXFileReference; includeInIndex = 1; lastKnownFileType = sourcecode.swift; path = LocalLLMEngine.swift; sourceTree = "<group>"; };
		57C8496DBA1CF7682302922A /* UProgressBar.swift */ = {isa = PBXFileReference; lastKnownFileType = sourcecode.swift; name = UProgressBar.swift; path = uniks/UI/Shared/UProgressBar.swift; sourceTree = SOURCE_ROOT; };
		581D4B7C8E02284EFD48B7C4 /* EventListViewModel.swift */ = {isa = PBXFileReference; lastKnownFileType = sourcecode.swift; name = EventListViewModel.swift; path = uniks/UI/EventList/EventListViewModel.swift; sourceTree = SOURCE_ROOT; };
		59F841049525ECE4902C557D /* OnboardingView.swift */ = {isa = PBXFileReference; lastKnownFileType = sourcecode.swift; name = OnboardingView.swift; path = uniks/UI/Onboarding/OnboardingView.swift; sourceTree = SOURCE_ROOT; };
		5ACBE7CAFE0337B2B644CF15 /* FTSServiceTests.swift */ = {isa = PBXFileReference; includeInIndex = 1; lastKnownFileType = sourcecode.swift; path = FTSServiceTests.swift; sourceTree = "<group>"; };
		60FCBA51FC839B8B88438BD9 /* ContentView.swift */ = {isa = PBXFileReference; includeInIndex = 1; lastKnownFileType = sourcecode.swift; path = ContentView.swift; sourceTree = "<group>"; };
		660F4B43AED4766E34C086CA /* ModelDownloadProgress.swift */ = {isa = PBXFileReference; lastKnownFileType = sourcecode.swift; name = ModelDownloadProgress.swift; path = uniks/Core/Models/ModelDownloadProgress.swift; sourceTree = SOURCE_ROOT; };
		68604324BBC699ABF7ED61E1 /* UFlowLayout.swift */ = {isa = PBXFileReference; lastKnownFileType = sourcecode.swift; name = UFlowLayout.swift; path = uniks/UI/Shared/UFlowLayout.swift; sourceTree = SOURCE_ROOT; };
		68D24CD4920681514E74E60E /* ThemePreference.swift */ = {isa = PBXFileReference; lastKnownFileType = sourcecode.swift; name = ThemePreference.swift; path = uniks/Core/Models/ThemePreference.swift; sourceTree = SOURCE_ROOT; };
		6AFAD05F2621A8808F19EBFA /* FTSService.swift */ = {isa = PBXFileReference; includeInIndex = 1; lastKnownFileType = sourcecode.swift; path = FTSService.swift; sourceTree = "<group>"; };
		6C2B488C84F583BF677383CB /* SettingsControls.swift */ = {isa = PBXFileReference; lastKnownFileType = sourcecode.swift; name = SettingsControls.swift; path = uniks/UI/Settings/SettingsControls.swift; sourceTree = SOURCE_ROOT; };
		712DF7B6627FF8FF93ABB11C /* ModelContainer+Factory.swift */ = {isa = PBXFileReference; includeInIndex = 1; lastKnownFileType = sourcecode.swift; path = "ModelContainer+Factory.swift"; sourceTree = "<group>"; };
		71974B6986F6CABAC1738280 /* LocalModelManager.swift */ = {isa = PBXFileReference; lastKnownFileType = sourcecode.swift; name = LocalModelManager.swift; path = uniks/Core/Services/LocalModelManager.swift; sourceTree = SOURCE_ROOT; };
		73BF443588B606A9EC7218A6 /* UniksSchemaVersions.swift */ = {isa = PBXFileReference; lastKnownFileType = sourcecode.swift; name = UniksSchemaVersions.swift; path = uniks/Core/Models/UniksSchemaVersions.swift; sourceTree = SOURCE_ROOT; };
		77FC5AF426ADD621F139CCD1 /* OllamaLLMEngine.swift */ = {isa = PBXFileReference; includeInIndex = 1; lastKnownFileType = sourcecode.swift; path = OllamaLLMEngine.swift; sourceTree = "<group>"; };
		79EE482EAF60F792DEC51454 /* ToastManager.swift */ = {isa = PBXFileReference; lastKnownFileType = sourcecode.swift; name = ToastManager.swift; path = uniks/UI/Shared/ToastManager.swift; sourceTree = SOURCE_ROOT; };
		7A2C4071838BA70836442DA3 /* UBadge.swift */ = {isa = PBXFileReference; lastKnownFileType = sourcecode.swift; name = UBadge.swift; path = uniks/UI/Shared/UBadge.swift; sourceTree = SOURCE_ROOT; };
		806A5388AA4C3F230241E925 /* ParsingActor.swift */ = {isa = PBXFileReference; includeInIndex = 1; lastKnownFileType = sourcecode.swift; path = ParsingActor.swift; sourceTree = "<group>"; };
		89693E5C389151F692B072C2 /* MLXLLMEngineTests.swift */ = {isa = PBXFileReference; includeInIndex = 1; lastKnownFileType = sourcecode.swift; path = MLXLLMEngineTests.swift; sourceTree = "<group>"; };
		8B6945869470AD2F85D65464 /* UndoService.swift */ = {isa = PBXFileReference; lastKnownFileType = sourcecode.swift; name = UndoService.swift; path = uniks/Core/Services/UndoService.swift; sourceTree = SOURCE_ROOT; };
		917543239069E97F4C9A2552 /* DensityPreference.swift */ = {isa = PBXFileReference; lastKnownFileType = sourcecode.swift; name = DensityPreference.swift; path = uniks/Core/Models/DensityPreference.swift; sourceTree = SOURCE_ROOT; };
		971D4519AF2D85A35ED30371 /* HabitParseResult.swift */ = {isa = PBXFileReference; lastKnownFileType = sourcecode.swift; name = HabitParseResult.swift; path = uniks/Core/Models/HabitParseResult.swift; sourceTree = SOURCE_ROOT; };
		98A64BB1AE699E97705C9016 /* HabitEventService.swift */ = {isa = PBXFileReference; lastKnownFileType = sourcecode.swift; name = HabitEventService.swift; path = uniks/Core/Services/HabitEventService.swift; sourceTree = SOURCE_ROOT; };
		9D8F4457BA178E568705F687 /* QuickLogTemplate.swift */ = {isa = PBXFileReference; lastKnownFileType = sourcecode.swift; name = QuickLogTemplate.swift; path = uniks/Core/Models/QuickLogTemplate.swift; sourceTree = SOURCE_ROOT; };
		A17E4E35BBAD6172E5196844 /* SettingsView.swift */ = {isa = PBXFileReference; lastKnownFileType = sourcecode.swift; name = SettingsView.swift; path = uniks/UI/Settings/SettingsView.swift; sourceTree = SOURCE_ROOT; };
		A1E14DEDA369CDA5D4B7519B /* Typography.swift */ = {isa = PBXFileReference; lastKnownFileType = sourcecode.swift; name = Typography.swift; path = uniks/UI/DesignSystem/Typography.swift; sourceTree = SOURCE_ROOT; };
		A3844D1A9B61A339E4CF53F9 /* USkeletonView.swift */ = {isa = PBXFileReference; lastKnownFileType = sourcecode.swift; name = USkeletonView.swift; path = uniks/UI/Shared/USkeletonView.swift; sourceTree = SOURCE_ROOT; };
		A52A44C4B3C258BE3EA92E1C /* QuickInputPanel.swift */ = {isa = PBXFileReference; lastKnownFileType = sourcecode.swift; name = QuickInputPanel.swift; path = uniks/macOS/QuickInputPanel.swift; sourceTree = SOURCE_ROOT; };
		A7D740C7A70087A6545CDBEA /* DesignTokens.swift */ = {isa = PBXFileReference; lastKnownFileType = sourcecode.swift; name = DesignTokens.swift; path = uniks/UI/DesignSystem/DesignTokens.swift; sourceTree = SOURCE_ROOT; };
		AECC4FC3805D169947CC25CB /* EngineResolver.swift */ = {isa = PBXFileReference; lastKnownFileType = sourcecode.swift; name = EngineResolver.swift; path = uniks/Core/Services/EngineResolver.swift; sourceTree = SOURCE_ROOT; };
		AF7B4C4A98C23C934D5D617F /* UCard.swift */ = {isa = PBXFileReference; lastKnownFileType = sourcecode.swift; name = UCard.swift; path = uniks/UI/Shared/UCard.swift; sourceTree = SOURCE_ROOT; };
		B01546CB978339891C8B5D52 /* InspectorView.swift */ = {isa = PBXFileReference; lastKnownFileType = sourcecode.swift; name = InspectorView.swift; path = uniks/UI/Shared/InspectorView.swift; sourceTree = SOURCE_ROOT; };
		B88A4E419A21F3AE19C42C47 /* ShareCardView.swift */ = {isa = PBXFileReference; lastKnownFileType = sourcecode.swift; name = ShareCardView.swift; path = uniks/UI/Shared/ShareCardView.swift; sourceTree = SOURCE_ROOT; };
		B9804E25ABF2585EB133A1D2 /* FTSService.swift */ = {isa = PBXFileReference; lastKnownFileType = sourcecode.swift; name = FTSService.swift; path = uniks/Core/Services/FTSService.swift; sourceTree = SOURCE_ROOT; };
		BB3F4904AD902ABC02B92A19 /* SidebarView.swift */ = {isa = PBXFileReference; lastKnownFileType = sourcecode.swift; name = SidebarView.swift; path = uniks/UI/Shared/SidebarView.swift; sourceTree = SOURCE_ROOT; };
		BB6B456C8227DFD24E11B5BF /* GoalsView.swift */ = {isa = PBXFileReference; lastKnownFileType = sourcecode.swift; name = GoalsView.swift; path = uniks/UI/Dashboard/GoalsView.swift; sourceTree = SOURCE_ROOT; };
		C11F6E98413AEBEE8E4855FD /* MockLLMEngine.swift */ = {isa = PBXFileReference; includeInIndex = 1; lastKnownFileType = sourcecode.swift; path = MockLLMEngine.swift; sourceTree = "<group>"; };
		C520937C3BD7ED8207B2937C /* HabitParseResultTests.swift */ = {isa = PBXFileReference; includeInIndex = 1; lastKnownFileType = sourcecode.swift; path = HabitParseResultTests.swift; sourceTree = "<group>"; };
		C5BE4A0C8BABCB46C0B4C5DF /* UToast.swift */ = {isa = PBXFileReference; lastKnownFileType = sourcecode.swift; name = UToast.swift; path = uniks/UI/Shared/UToast.swift; sourceTree = SOURCE_ROOT; };
		C6604F2FA10B309CFEE873D0 /* ParsingPrompts.swift */ = {isa = PBXFileReference; lastKnownFileType = sourcecode.swift; name = ParsingPrompts.swift; path = uniks/Core/Services/ParsingPrompts.swift; sourceTree = SOURCE_ROOT; };
		C9BB4C269E1D5F43148C3B0E /* WeeklyDigestView.swift */ = {isa = PBXFileReference; lastKnownFileType = sourcecode.swift; name = WeeklyDigestView.swift; path = uniks/UI/Dashboard/WeeklyDigestView.swift; sourceTree = SOURCE_ROOT; };
		CAD14678A9F490E1521C557B /* EventEditView.swift */ = {isa = PBXFileReference; lastKnownFileType = sourcecode.swift; name = EventEditView.swift; path = uniks/UI/EventList/EventEditView.swift; sourceTree = SOURCE_ROOT; };
		CC1B47529457FAC9793D8059 /* UserCorrection.swift */ = {isa = PBXFileReference; lastKnownFileType = sourcecode.swift; name = UserCorrection.swift; path = uniks/Core/Models/UserCorrection.swift; sourceTree = SOURCE_ROOT; };
		CE0A4205BB84D545025849E0 /* UButton.swift */ = {isa = PBXFileReference; lastKnownFileType = sourcecode.swift; name = UButton.swift; path = uniks/UI/Shared/UButton.swift; sourceTree = SOURCE_ROOT; };
		CEF903000DC52CB096136BB9 /* HabitEventTests.swift */ = {isa = PBXFileReference; includeInIndex = 1; lastKnownFileType = sourcecode.swift; path = HabitEventTests.swift; sourceTree = "<group>"; };
		D12449CCA1F3D5CF320541AE /* QuickInputSheet.swift */ = {isa = PBXFileReference; lastKnownFileType = sourcecode.swift; name = QuickInputSheet.swift; path = uniks/iOS/QuickInputSheet.swift; sourceTree = SOURCE_ROOT; };
		D1C34A36BBBCDEFD05B6AA7F /* ActiveModelPreference.swift */ = {isa = PBXFileReference; lastKnownFileType = sourcecode.swift; name = ActiveModelPreference.swift; path = uniks/Core/Models/ActiveModelPreference.swift; sourceTree = SOURCE_ROOT; };
		D305445A9D8D4E68FD835BBB /* UChip.swift */ = {isa = PBXFileReference; lastKnownFileType = sourcecode.swift; name = UChip.swift; path = uniks/UI/Shared/UChip.swift; sourceTree = SOURCE_ROOT; };
		D3E0A0CFB335504DB504BCA1 /* StatusBadge.swift */ = {isa = PBXFileReference; includeInIndex = 1; lastKnownFileType = sourcecode.swift; path = StatusBadge.swift; sourceTree = "<group>"; };
		D5F44559ACDEE80DD095B57E /* HeuristicParser.swift */ = {isa = PBXFileReference; lastKnownFileType = sourcecode.swift; name = HeuristicParser.swift; path = uniks/Core/Services/HeuristicParser.swift; sourceTree = SOURCE_ROOT; };
		DB0A490B93A8C3EFC0AB738E /* ModelContainer+Factory.swift */ = {isa = PBXFileReference; lastKnownFileType = sourcecode.swift; name = "ModelContainer+Factory.swift"; path = "uniks/Core/Services/ModelContainer+Factory.swift"; sourceTree = SOURCE_ROOT; };
		DEBB2BFA1D4C76D8E40A8F7E /* MLXLLMEngine.swift */ = {isa = PBXFileReference; includeInIndex = 1; lastKnownFileType = sourcecode.swift; path = MLXLLMEngine.swift; sourceTree = "<group>"; };
		DF544565885F2A79E1F34F1D /* RecurringTemplate.swift */ = {isa = PBXFileReference; lastKnownFileType = sourcecode.swift; name = RecurringTemplate.swift; path = uniks/Core/Models/RecurringTemplate.swift; sourceTree = SOURCE_ROOT; };
		E0B54A969E5BE3E07D1BC5B0 /* HabitParseError.swift */ = {isa = PBXFileReference; lastKnownFileType = sourcecode.swift; name = HabitParseError.swift; path = uniks/Core/Models/HabitParseError.swift; sourceTree = SOURCE_ROOT; };
		E2DD45009675ECBBEF8EBC34 /* HuggingFaceModelContainerLoader.swift */ = {isa = PBXFileReference; lastKnownFileType = sourcecode.swift; name = HuggingFaceModelContainerLoader.swift; path = uniks/Core/Services/HuggingFaceModelContainerLoader.swift; sourceTree = SOURCE_ROOT; };
		E9334ECDB76AD545EC4967EC /* CustomCategory.swift */ = {isa = PBXFileReference; lastKnownFileType = sourcecode.swift; name = CustomCategory.swift; path = uniks/Core/Models/CustomCategory.swift; sourceTree = SOURCE_ROOT; };
		ECE864925212E46725665C9A /* HabitEvent.swift */ = {isa = PBXFileReference; includeInIndex = 1; lastKnownFileType = sourcecode.swift; path = HabitEvent.swift; sourceTree = "<group>"; };
		F0DC4A0EBD81E74DBD2169D1 /* EventListView.swift */ = {isa = PBXFileReference; lastKnownFileType = sourcecode.swift; name = EventListView.swift; path = uniks/UI/EventList/EventListView.swift; sourceTree = SOURCE_ROOT; };
		F6234D239768F301CF758793 /* UModelCard.swift */ = {isa = PBXFileReference; lastKnownFileType = sourcecode.swift; name = UModelCard.swift; path = uniks/UI/Shared/UModelCard.swift; sourceTree = SOURCE_ROOT; };
		FD104C4B963232C6EB1ADF46 /* ModelStore.swift */ = {isa = PBXFileReference; lastKnownFileType = sourcecode.swift; name = ModelStore.swift; path = uniks/Core/Actors/ModelStore.swift; sourceTree = SOURCE_ROOT; };
/* End PBXFileReference section */

/* Begin PBXFileSystemSynchronizedBuildFileExceptionSet section */
		12B9BDFE2FEB1F5200A4DDAD /* Exceptions for "uniks" folder in "uniks" target */ = {
			isa = PBXFileSystemSynchronizedBuildFileExceptionSet;
			membershipExceptions = (
				ContentView.swift,
				Core/Actors/ParsingActor.swift,
				Core/Engines/MLXLLMEngine.swift,
				Core/Engines/OllamaLLMEngine.swift,
				Core/Models/HabitEvent.swift,
				Core/Protocols/LocalLLMEngine.swift,
				uniksApp.swift,
			);
			target = 1231BBC22FEACC31003B0923 /* uniks */;
		};
		12B9BDFF2FEB1F5200A4DDAD /* Exceptions for "uniksTests" folder in "uniksTests" target */ = {
			isa = PBXFileSystemSynchronizedBuildFileExceptionSet;
			membershipExceptions = (
				HabitEventTests.swift,
				HabitParseResultTests.swift,
			);
			target = 1231BBD12FEACC32003B0923 /* uniksTests */;
		};
/* End PBXFileSystemSynchronizedBuildFileExceptionSet section */

/* Begin PBXFileSystemSynchronizedRootGroup section */
		1231BBC52FEACC31003B0923 /* uniks */ = {
			isa = PBXFileSystemSynchronizedRootGroup;
			exceptions = (
				12B9BDFE2FEB1F5200A4DDAD /* Exceptions for "uniks" folder in "uniks" target */,
			);
			path = uniks;
			sourceTree = "<group>";
		};
		1231BBD52FEACC32003B0923 /* uniksTests */ = {
			isa = PBXFileSystemSynchronizedRootGroup;
			exceptions = (
				12B9BDFF2FEB1F5200A4DDAD /* Exceptions for "uniksTests" folder in "uniksTests" target */,
			);
			path = uniksTests;
			sourceTree = "<group>";
		};
/* End PBXFileSystemSynchronizedRootGroup section */

/* Begin PBXFrameworksBuildPhase section */
		1231BBC02FEACC31003B0923 /* Frameworks */ = {
			isa = PBXFrameworksBuildPhase;
			buildActionMask = 2147483647;
			files = (
				2AB24192F701E907D4DEA5A9 /* SwiftFTS in Frameworks */,
				8A167D2AE3EFEDA192744158 /* MLXLMCommon in Frameworks */,
				553DF2F19C0BD188B9ED7638 /* MLXLLM in Frameworks */,
				0E0758986F555B47EE7E2F3A /* MLXHuggingFace in Frameworks */,
				4A72C4A2F0CBC88C566EA44E /* HuggingFace in Frameworks */,
				9706DEA674889006C1307A4F /* Tokenizers in Frameworks */,
			);
			runOnlyForDeploymentPostprocessing = 0;
		};
		1231BBCF2FEACC32003B0923 /* Frameworks */ = {
			isa = PBXFrameworksBuildPhase;
			buildActionMask = 2147483647;
			files = (
				84C58759EBD3A67347542FB3 /* SwiftFTS in Frameworks */,
				8E9B4393B6E595CFB97AB785 /* MLXLMCommon in Frameworks */,
				A554EAA7CF03C19135FD8C72 /* MLXLLM in Frameworks */,
				1A44705D2C4B94D5FD7C6AFA /* MLXHuggingFace in Frameworks */,
				2EB9214E8BFD3D2F252A8954 /* HuggingFace in Frameworks */,
				7D62A9011814AAA007DB63C2 /* Tokenizers in Frameworks */,
			);
			runOnlyForDeploymentPostprocessing = 0;
		};
/* End PBXFrameworksBuildPhase section */

/* Begin PBXGroup section */
		010759B31301AD2EDE0E4511 /* Engines */ = {
			isa = PBXGroup;
			children = (
				77FC5AF426ADD621F139CCD1 /* OllamaLLMEngine.swift */,
				C11F6E98413AEBEE8E4855FD /* MockLLMEngine.swift */,
				DEBB2BFA1D4C76D8E40A8F7E /* MLXLLMEngine.swift */,
			);
			path = Engines;
			sourceTree = "<group>";
		};
		0C92AF04B576A28B611DB1E0 /* Protocols */ = {
			isa = PBXGroup;
			children = (
				56C243AFD80738A091E99C9C /* LocalLLMEngine.swift */,
			);
			path = Protocols;
			sourceTree = "<group>";
		};
		111D52FAEB7B75BF267D35A1 /* Core */ = {
			isa = PBXGroup;
			children = (
				AAEE9CEC94897A86CD459262 /* Models */,
				0C92AF04B576A28B611DB1E0 /* Protocols */,
				6E8E9C1B23DF2503BEA84B62 /* Actors */,
				F43638775BECED592E40B694 /* Services */,
				010759B31301AD2EDE0E4511 /* Engines */,
			);
			path = Core;
			sourceTree = "<group>";
		};
		118DA42BBB7EC1F4A1EB29FF /* Shared */ = {
			isa = PBXGroup;
			children = (
				D3E0A0CFB335504DB504BCA1 /* StatusBadge.swift */,
			);
			path = Shared;
			sourceTree = "<group>";
		};
		1231BBBA2FEACC31003B0923 = {
			isa = PBXGroup;
			children = (
				1231BBC52FEACC31003B0923 /* uniks */,
				1231BBD52FEACC32003B0923 /* uniksTests */,
				1231BBC42FEACC31003B0923 /* Products */,
				C009D8AE311CF62B5B2A4030 /* uniks */,
				2C48E0CD1C592C1038F3ADA1 /* uniksTests */,
				4B1445AE9D07CB55BDF99B98 /* EnrichmentActor.swift */,
				FD104C4B963232C6EB1ADF46 /* ModelStore.swift */,
				3B8547339917A354E0F7FF9C /* ParsingPipeline.swift */,
				252C49FABA515858A031B17F /* MockLLMEngine.swift */,
				D1C34A36BBBCDEFD05B6AA7F /* ActiveModelPreference.swift */,
				E9334ECDB76AD545EC4967EC /* CustomCategory.swift */,
				917543239069E97F4C9A2552 /* DensityPreference.swift */,
				1D344DF6983BC762D4B07D68 /* EnginePreference.swift */,
				454A4E7F988AE47973551462 /* Goal.swift */,
				E0B54A969E5BE3E07D1BC5B0 /* HabitParseError.swift */,
				971D4519AF2D85A35ED30371 /* HabitParseResult.swift */,
				46C84545A926D73EBCE54C8C /* LocalModel.swift */,
				660F4B43AED4766E34C086CA /* ModelDownloadProgress.swift */,
				40BD45E0AF82B53C27FC5311 /* ParseConfidence.swift */,
				9D8F4457BA178E568705F687 /* QuickLogTemplate.swift */,
				DF544565885F2A79E1F34F1D /* RecurringTemplate.swift */,
				68D24CD4920681514E74E60E /* ThemePreference.swift */,
				73BF443588B606A9EC7218A6 /* UniksSchemaVersions.swift */,
				CC1B47529457FAC9793D8059 /* UserCorrection.swift */,
				14884089BE5845D403365FB3 /* ModelDownloader.swift */,
				AECC4FC3805D169947CC25CB /* EngineResolver.swift */,
				420A41A3A86C6C0EA1222C28 /* ExportService.swift */,
				B9804E25ABF2585EB133A1D2 /* FTSService.swift */,
				3A5141769BDFF87D931013BC /* GoalService.swift */,
				98A64BB1AE699E97705C9016 /* HabitEventService.swift */,
				28CA42EFAABCCE4E22220B20 /* HapticEngine.swift */,
				D5F44559ACDEE80DD095B57E /* HeuristicParser.swift */,
				E2DD45009675ECBBEF8EBC34 /* HuggingFaceModelContainerLoader.swift */,
				30484DD4A9FDB4F63F8D87B9 /* HuggingFaceModelDownloader.swift */,
				441A4F279F6009F52EF640C5 /* ImportService.swift */,
				054D4458B0777CE69869BD93 /* JSONRepairService.swift */,
				71974B6986F6CABAC1738280 /* LocalModelManager.swift */,
				DB0A490B93A8C3EFC0AB738E /* ModelContainer+Factory.swift */,
				3B954642ADC3F7184B6E2A61 /* NaturalTimeParser.swift */,
				10B94A34B43B13E308A847AD /* NotificationService.swift */,
				C6604F2FA10B309CFEE873D0 /* ParsingPrompts.swift */,
				8B6945869470AD2F85D65464 /* UndoService.swift */,
				2B0B41E3BB67AE82AEDDB875 /* UserCorrectionsStore.swift */,
				30D142188115375F57A860A6 /* DashboardView.swift */,
				3E7A4E6EBA1D64A36801DB55 /* DashboardViewModel.swift */,
				BB6B456C8227DFD24E11B5BF /* GoalsView.swift */,
				C9BB4C269E1D5F43148C3B0E /* WeeklyDigestView.swift */,
				018A4A5DAF978DFF878B0E35 /* AnimationTokens.swift */,
				A7D740C7A70087A6545CDBEA /* DesignTokens.swift */,
				086141C59CF652A0CBF6C9E4 /* Icons.swift */,
				A1E14DEDA369CDA5D4B7519B /* Typography.swift */,
				4653499E9E8FC4755A641FAD /* ViewModifiers.swift */,
				CAD14678A9F490E1521C557B /* EventEditView.swift */,
				F0DC4A0EBD81E74DBD2169D1 /* EventListView.swift */,
				581D4B7C8E02284EFD48B7C4 /* EventListViewModel.swift */,
				24F94EB6B83D03652EDE34D4 /* QuickInputView.swift */,
				142C4FFA88A71E605FE0CF5D /* QuickInputViewModel.swift */,
				427740CB851E5CFE503AF0F8 /* OnboardingSubviews.swift */,
				59F841049525ECE4902C557D /* OnboardingView.swift */,
				4C2F49678DD98E3E38C80C55 /* CategoryManagementView.swift */,
				354246B3BFF29F3EF39837F0 /* ImportView.swift */,
				42174188901F74596BA3448F /* RecurringTemplateView.swift */,
				6C2B488C84F583BF677383CB /* SettingsControls.swift */,
				A17E4E35BBAD6172E5196844 /* SettingsView.swift */,
				B01546CB978339891C8B5D52 /* InspectorView.swift */,
				B88A4E419A21F3AE19C42C47 /* ShareCardView.swift */,
				BB3F4904AD902ABC02B92A19 /* SidebarView.swift */,
				79EE482EAF60F792DEC51454 /* ToastManager.swift */,
				7A2C4071838BA70836442DA3 /* UBadge.swift */,
				CE0A4205BB84D545025849E0 /* UButton.swift */,
				AF7B4C4A98C23C934D5D617F /* UCard.swift */,
				D305445A9D8D4E68FD835BBB /* UChip.swift */,
				38AF452C88B6270A63BB1A3B /* UEmptyState.swift */,
				443B458CBD1408054D9C206D /* UEngineStatusBadge.swift */,
				68604324BBC699ABF7ED61E1 /* UFlowLayout.swift */,
				F6234D239768F301CF758793 /* UModelCard.swift */,
				57C8496DBA1CF7682302922A /* UProgressBar.swift */,
				01734D5AAEDD6572F41E49E0 /* USectionHeader.swift */,
				A3844D1A9B61A339E4CF53F9 /* USkeletonView.swift */,
				472D46FCA814006E18539254 /* UStatBox.swift */,
				C5BE4A0C8BABCB46C0B4C5DF /* UToast.swift */,
				D12449CCA1F3D5CF320541AE /* QuickInputSheet.swift */,
				A52A44C4B3C258BE3EA92E1C /* QuickInputPanel.swift */,
			);
			sourceTree = "<group>";
		};
		1231BBC42FEACC31003B0923 /* Products */ = {
			isa = PBXGroup;
			children = (
				1231BBC32FEACC31003B0923 /* uniks.app */,
				1231BBD22FEACC32003B0923 /* uniksTests.xctest */,
			);
			name = Products;
			sourceTree = "<group>";
		};
		2C48E0CD1C592C1038F3ADA1 /* uniksTests */ = {
			isa = PBXGroup;
			children = (
				CEF903000DC52CB096136BB9 /* HabitEventTests.swift */,
				C520937C3BD7ED8207B2937C /* HabitParseResultTests.swift */,
				410529F8BE2444BB630A6877 /* ParsingActorTests.swift */,
				89693E5C389151F692B072C2 /* MLXLLMEngineTests.swift */,
				5ACBE7CAFE0337B2B644CF15 /* FTSServiceTests.swift */,
				4205F86F25A748FD8CA39061 /* OllamaLLMEngineTests.swift */,
			);
			path = uniksTests;
			sourceTree = "<group>";
		};
		6E8E9C1B23DF2503BEA84B62 /* Actors */ = {
			isa = PBXGroup;
			children = (
				806A5388AA4C3F230241E925 /* ParsingActor.swift */,
			);
			path = Actors;
			sourceTree = "<group>";
		};
		98A73FBEE049C9A0A3FC509E /* UI */ = {
			isa = PBXGroup;
			children = (
				118DA42BBB7EC1F4A1EB29FF /* Shared */,
			);
			path = UI;
			sourceTree = "<group>";
		};
		AAEE9CEC94897A86CD459262 /* Models */ = {
			isa = PBXGroup;
			children = (
				ECE864925212E46725665C9A /* HabitEvent.swift */,
			);
			path = Models;
			sourceTree = "<group>";
		};
		C009D8AE311CF62B5B2A4030 /* uniks */ = {
			isa = PBXGroup;
			children = (
				3BE13B67D65497859309FD19 /* uniksApp.swift */,
				60FCBA51FC839B8B88438BD9 /* ContentView.swift */,
				111D52FAEB7B75BF267D35A1 /* Core */,
				98A73FBEE049C9A0A3FC509E /* UI */,
			);
			path = uniks;
			sourceTree = "<group>";
		};
		F43638775BECED592E40B694 /* Services */ = {
			isa = PBXGroup;
			children = (
				712DF7B6627FF8FF93ABB11C /* ModelContainer+Factory.swift */,
				6AFAD05F2621A8808F19EBFA /* FTSService.swift */,
			);
			path = Services;
			sourceTree = "<group>";
		};
/* End PBXGroup section */

/* Begin PBXNativeTarget section */
		1231BBC22FEACC31003B0923 /* uniks */ = {
			isa = PBXNativeTarget;
			buildConfigurationList = 1231BBE62FEACC32003B0923 /* Build configuration list for PBXNativeTarget "uniks" */;
			buildPhases = (
				1231BBBF2FEACC31003B0923 /* Sources */,
				1231BBC02FEACC31003B0923 /* Frameworks */,
				1231BBC12FEACC31003B0923 /* Resources */,
			);
			buildRules = (
			);
			dependencies = (
			);
			fileSystemSynchronizedGroups = (
				1231BBC52FEACC31003B0923 /* uniks */,
			);
			name = uniks;
			packageProductDependencies = (
				D4DCE9C8E6266305E3247891 /* SwiftFTS */,
				FC4F45A847308690A54E0AA6 /* MLXLMCommon */,
				CB66A18F3F93B197254065E6 /* MLXLLM */,
				9C1CB24E4DEC300A68875D52 /* MLXHuggingFace */,
				0CFCB8C7711BF0A7CE4E1FDA /* HuggingFace */,
				67EA828F2DBC5FE43BD68564 /* Tokenizers */,
			);
			productName = uniks;
			productReference = 1231BBC32FEACC31003B0923 /* uniks.app */;
			productType = "com.apple.product-type.application";
		};
		1231BBD12FEACC32003B0923 /* uniksTests */ = {
			isa = PBXNativeTarget;
			buildConfigurationList = 1231BBE92FEACC32003B0923 /* Build configuration list for PBXNativeTarget "uniksTests" */;
			buildPhases = (
				1231BBCE2FEACC32003B0923 /* Sources */,
				1231BBCF2FEACC32003B0923 /* Frameworks */,
				1231BBD02FEACC32003B0923 /* Resources */,
			);
			buildRules = (
			);
			dependencies = (
				1231BBD42FEACC32003B0923 /* PBXTargetDependency */,
			);
			fileSystemSynchronizedGroups = (
				1231BBD52FEACC32003B0923 /* uniksTests */,
			);
			name = uniksTests;
			packageProductDependencies = (
				82E8CCBDDECCC3976092ADBA /* SwiftFTS */,
				0F5AC96A8352B4AD9E9FD71D /* MLXLMCommon */,
				892549ECFF807AE7E2E68837 /* MLXLLM */,
				214E0440E02FDAFA17F8F818 /* MLXHuggingFace */,
				4C5DEC489960C37421DB016D /* HuggingFace */,
				A482D3690D66FB1E93202FE6 /* Tokenizers */,
			);
			productName = uniksTests;
			productReference = 1231BBD22FEACC32003B0923 /* uniksTests.xctest */;
			productType = "com.apple.product-type.bundle.unit-test";
		};
/* End PBXNativeTarget section */

/* Begin PBXProject section */
		1231BBBB2FEACC31003B0923 /* Project object */ = {
			isa = PBXProject;
			attributes = {
				BuildIndependentTargetsInParallel = 1;
				LastSwiftUpdateCheck = 1600;
				LastUpgradeCheck = 2650;
				TargetAttributes = {
					1231BBC22FEACC31003B0923 = {
						CreatedOnToolsVersion = 16.0;
					};
					1231BBD12FEACC32003B0923 = {
						CreatedOnToolsVersion = 16.0;
						TestTargetID = 1231BBC22FEACC31003B0923;
					};
				};
			};
			buildConfigurationList = 1231BBBE2FEACC31003B0923 /* Build configuration list for PBXProject "uniks" */;
			developmentRegion = en;
			hasScannedForEncodings = 0;
			knownRegions = (
				en,
				Base,
			);
			mainGroup = 1231BBBA2FEACC31003B0923;
			minimizedProjectReferenceProxies = 1;
			packageReferences = (
				3FEC60A3816E679E62C906C9 /* XCRemoteSwiftPackageReference "SwiftFTS" */,
				7464B0CBD173E640F23B4D0E /* XCRemoteSwiftPackageReference "mlx-swift-lm" */,
				7A33718B85BE31C398C4FFD4 /* XCRemoteSwiftPackageReference "swift-huggingface" */,
				F097F449FC1ECF86C74A54C0 /* XCRemoteSwiftPackageReference "swift-transformers" */,
			);
			preferredProjectObjectVersion = 77;
			productRefGroup = 1231BBC42FEACC31003B0923 /* Products */;
			projectDirPath = "";
			projectRoot = "";
			targets = (
				1231BBC22FEACC31003B0923 /* uniks */,
				1231BBD12FEACC32003B0923 /* uniksTests */,
			);
		};
/* End PBXProject section */

/* Begin PBXResourcesBuildPhase section */
		1231BBC12FEACC31003B0923 /* Resources */ = {
			isa = PBXResourcesBuildPhase;
			buildActionMask = 2147483647;
			files = (
			);
			runOnlyForDeploymentPostprocessing = 0;
		};
		1231BBD02FEACC32003B0923 /* Resources */ = {
			isa = PBXResourcesBuildPhase;
			buildActionMask = 2147483647;
			files = (
			);
			runOnlyForDeploymentPostprocessing = 0;
		};
/* End PBXResourcesBuildPhase section */

/* Begin PBXSourcesBuildPhase section */
		1231BBBF2FEACC31003B0923 /* Sources */ = {
			isa = PBXSourcesBuildPhase;
			buildActionMask = 2147483647;
			files = (
				8AFC03FEB254C08D85B26CCB /* uniksApp.swift in Sources */,
				D90540A51F35AEE1FCBD2C8C /* ContentView.swift in Sources */,
				B6451E0191B3C75C1BED25DE /* HabitEvent.swift in Sources */,
				983B81390487C6D7A17E2043 /* LocalLLMEngine.swift in Sources */,
				2709047B7D559304C5B196B7 /* OllamaLLMEngine.swift in Sources */,
				A029549D1AA3BEA79A2D0872 /* ParsingActor.swift in Sources */,
				B912C63F23148A2A05C27AC3 /* MLXLLMEngine.swift in Sources */,
			);
			runOnlyForDeploymentPostprocessing = 0;
		};
		1231BBCE2FEACC32003B0923 /* Sources */ = {
			isa = PBXSourcesBuildPhase;
			buildActionMask = 2147483647;
			files = (
				95A9458BADF92B390CA07D04 /* HabitEventTests.swift in Sources */,
				A7C46126AAFFBA94990A454E /* HabitParseResultTests.swift in Sources */,
			);
			runOnlyForDeploymentPostprocessing = 0;
		};
/* End PBXSourcesBuildPhase section */

/* Begin PBXTargetDependency section */
		1231BBD42FEACC32003B0923 /* PBXTargetDependency */ = {
			isa = PBXTargetDependency;
			target = 1231BBC22FEACC31003B0923 /* uniks */;
			targetProxy = 1231BBD32FEACC32003B0923 /* PBXContainerItemProxy */;
		};
/* End PBXTargetDependency section */

/* Begin XCBuildConfiguration section */
		1231BBE42FEACC32003B0923 /* Debug */ = {
			isa = XCBuildConfiguration;
			buildSettings = {
				ALWAYS_SEARCH_USER_PATHS = NO;
				ASSETCATALOG_COMPILER_GENERATE_SWIFT_ASSET_SYMBOL_EXTENSIONS = YES;
				CLANG_ANALYZER_NONNULL = YES;
				CLANG_ANALYZER_NUMBER_OBJECT_CONVERSION = YES_AGGRESSIVE;
				CLANG_CXX_LANGUAGE_STANDARD = "gnu++20";
				CLANG_ENABLE_MODULES = YES;
				CLANG_ENABLE_OBJC_ARC = YES;
				CLANG_ENABLE_OBJC_WEAK = YES;
				CLANG_WARN_BLOCK_CAPTURE_AUTORELEASING = YES;
				CLANG_WARN_BOOL_CONVERSION = YES;
				CLANG_WARN_COMMA = YES;
				CLANG_WARN_CONSTANT_CONVERSION = YES;
				CLANG_WARN_DEPRECATED_OBJC_IMPLEMENTATIONS = YES;
				CLANG_WARN_DIRECT_OBJC_ISA_USAGE = YES_ERROR;
				CLANG_WARN_DOCUMENTATION_COMMENTS = YES;
				CLANG_WARN_EMPTY_BODY = YES;
				CLANG_WARN_ENUM_CONVERSION = YES;
				CLANG_WARN_INFINITE_RECURSION = YES;
				CLANG_WARN_INT_CONVERSION = YES;
				CLANG_WARN_NON_LITERAL_NULL_CONVERSION = YES;
				CLANG_WARN_OBJC_IMPLICIT_RETAIN_SELF = YES;
				CLANG_WARN_OBJC_LITERAL_CONVERSION = YES;
				CLANG_WARN_OBJC_ROOT_CLASS = YES_ERROR;
				CLANG_WARN_QUOTED_INCLUDE_IN_FRAMEWORK_HEADER = YES;
				CLANG_WARN_RANGE_LOOP_ANALYSIS = YES;
				CLANG_WARN_STRICT_PROTOTYPES = YES;
				CLANG_WARN_SUSPICIOUS_MOVE = YES;
				CLANG_WARN_UNGUARDED_AVAILABILITY = YES_AGGRESSIVE;
				CLANG_WARN_UNREACHABLE_CODE = YES;
				CLANG_WARN__DUPLICATE_METHOD_MATCH = YES;
				COPY_PHASE_STRIP = NO;
				DEAD_CODE_STRIPPING = YES;
				DEBUG_INFORMATION_FORMAT = dwarf;
				ENABLE_STRICT_OBJC_MSGSEND = YES;
				ENABLE_TESTABILITY = YES;
				ENABLE_USER_SCRIPT_SANDBOXING = YES;
				GCC_C_LANGUAGE_STANDARD = gnu17;
				GCC_DYNAMIC_NO_PIC = NO;
				GCC_NO_COMMON_BLOCKS = YES;
				GCC_OPTIMIZATION_LEVEL = 0;
				GCC_PREPROCESSOR_DEFINITIONS = (
					"DEBUG=1",
					"$(inherited)",
				);
				GCC_WARN_64_TO_32_BIT_CONVERSION = YES;
				GCC_WARN_ABOUT_RETURN_TYPE = YES_ERROR;
				GCC_WARN_UNDECLARED_SELECTOR = YES;
				GCC_WARN_UNINITIALIZED_AUTOS = YES_AGGRESSIVE;
				GCC_WARN_UNUSED_FUNCTION = YES;
				GCC_WARN_UNUSED_VARIABLE = YES;
				LOCALIZATION_PREFERS_STRING_CATALOGS = YES;
				MTL_ENABLE_DEBUG_INFO = INCLUDE_SOURCE;
				MTL_FAST_MATH = YES;
				ONLY_ACTIVE_ARCH = YES;
				STRING_CATALOG_GENERATE_SYMBOLS = YES;
				SWIFT_ACTIVE_COMPILATION_CONDITIONS = "DEBUG $(inherited)";
				SWIFT_OPTIMIZATION_LEVEL = "-Onone";
			};
			name = Debug;
		};
		1231BBE52FEACC32003B0923 /* Release */ = {
			isa = XCBuildConfiguration;
			buildSettings = {
				ALWAYS_SEARCH_USER_PATHS = NO;
				ASSETCATALOG_COMPILER_GENERATE_SWIFT_ASSET_SYMBOL_EXTENSIONS = YES;
				CLANG_ANALYZER_NONNULL = YES;
				CLANG_ANALYZER_NUMBER_OBJECT_CONVERSION = YES_AGGRESSIVE;
				CLANG_CXX_LANGUAGE_STANDARD = "gnu++20";
				CLANG_ENABLE_MODULES = YES;
				CLANG_ENABLE_OBJC_ARC = YES;
				CLANG_ENABLE_OBJC_WEAK = YES;
				CLANG_WARN_BLOCK_CAPTURE_AUTORELEASING = YES;
				CLANG_WARN_BOOL_CONVERSION = YES;
				CLANG_WARN_COMMA = YES;
				CLANG_WARN_CONSTANT_CONVERSION = YES;
				CLANG_WARN_DEPRECATED_OBJC_IMPLEMENTATIONS = YES;
				CLANG_WARN_DIRECT_OBJC_ISA_USAGE = YES_ERROR;
				CLANG_WARN_DOCUMENTATION_COMMENTS = YES;
				CLANG_WARN_EMPTY_BODY = YES;
				CLANG_WARN_ENUM_CONVERSION = YES;
				CLANG_WARN_INFINITE_RECURSION = YES;
				CLANG_WARN_INT_CONVERSION = YES;
				CLANG_WARN_NON_LITERAL_NULL_CONVERSION = YES;
				CLANG_WARN_OBJC_IMPLICIT_RETAIN_SELF = YES;
				CLANG_WARN_OBJC_LITERAL_CONVERSION = YES;
				CLANG_WARN_OBJC_ROOT_CLASS = YES_ERROR;
				CLANG_WARN_QUOTED_INCLUDE_IN_FRAMEWORK_HEADER = YES;
				CLANG_WARN_RANGE_LOOP_ANALYSIS = YES;
				CLANG_WARN_STRICT_PROTOTYPES = YES;
				CLANG_WARN_SUSPICIOUS_MOVE = YES;
				CLANG_WARN_UNGUARDED_AVAILABILITY = YES_AGGRESSIVE;
				CLANG_WARN_UNREACHABLE_CODE = YES;
				CLANG_WARN__DUPLICATE_METHOD_MATCH = YES;
				COPY_PHASE_STRIP = NO;
				DEAD_CODE_STRIPPING = YES;
				DEBUG_INFORMATION_FORMAT = "dwarf-with-dsym";
				ENABLE_NS_ASSERTIONS = NO;
				ENABLE_STRICT_OBJC_MSGSEND = YES;
				ENABLE_USER_SCRIPT_SANDBOXING = YES;
				GCC_C_LANGUAGE_STANDARD = gnu17;
				GCC_NO_COMMON_BLOCKS = YES;
				GCC_WARN_64_TO_32_BIT_CONVERSION = YES;
				GCC_WARN_ABOUT_RETURN_TYPE = YES_ERROR;
				GCC_WARN_UNDECLARED_SELECTOR = YES;
				GCC_WARN_UNINITIALIZED_AUTOS = YES_AGGRESSIVE;
				GCC_WARN_UNUSED_FUNCTION = YES;
				GCC_WARN_UNUSED_VARIABLE = YES;
				LOCALIZATION_PREFERS_STRING_CATALOGS = YES;
				MTL_ENABLE_DEBUG_INFO = NO;
				MTL_FAST_MATH = YES;
				STRING_CATALOG_GENERATE_SYMBOLS = YES;
				SWIFT_COMPILATION_MODE = wholemodule;
			};
			name = Release;
		};
		1231BBE72FEACC32003B0923 /* Debug */ = {
			isa = XCBuildConfiguration;
			buildSettings = {
				ASSETCATALOG_COMPILER_APPICON_NAME = AppIcon;
				ASSETCATALOG_COMPILER_GLOBAL_ACCENT_COLOR_NAME = AccentColor;
				CODE_SIGN_ENTITLEMENTS = uniks/uniks.entitlements;
				CODE_SIGN_STYLE = Automatic;
				CURRENT_PROJECT_VERSION = 1;
				DEAD_CODE_STRIPPING = YES;
				DEVELOPMENT_TEAM = XK5CCURK4K;
				ENABLE_APP_SANDBOX = YES;
				ENABLE_NETWORK_CLIENT = YES;
				ENABLE_PREVIEWS = YES;
				ENABLE_USER_SELECTED_FILES = readonly;
				GENERATE_INFOPLIST_FILE = YES;
				"INFOPLIST_KEY_UIApplicationSceneManifest_Generation[sdk=iphoneos*]" = YES;
				"INFOPLIST_KEY_UIApplicationSceneManifest_Generation[sdk=iphonesimulator*]" = YES;
				"INFOPLIST_KEY_UIApplicationSupportsIndirectInputEvents[sdk=iphoneos*]" = YES;
				"INFOPLIST_KEY_UIApplicationSupportsIndirectInputEvents[sdk=iphonesimulator*]" = YES;
				"INFOPLIST_KEY_UILaunchScreen_Generation[sdk=iphoneos*]" = YES;
				"INFOPLIST_KEY_UILaunchScreen_Generation[sdk=iphonesimulator*]" = YES;
				"INFOPLIST_KEY_UIStatusBarStyle[sdk=iphoneos*]" = UIStatusBarStyleDefault;
				"INFOPLIST_KEY_UIStatusBarStyle[sdk=iphonesimulator*]" = UIStatusBarStyleDefault;
				INFOPLIST_KEY_UISupportedInterfaceOrientations_iPad = "UIInterfaceOrientationPortrait UIInterfaceOrientationPortraitUpsideDown UIInterfaceOrientationLandscapeLeft UIInterfaceOrientationLandscapeRight";
				INFOPLIST_KEY_UISupportedInterfaceOrientations_iPhone = "UIInterfaceOrientationPortrait UIInterfaceOrientationLandscapeLeft UIInterfaceOrientationLandscapeRight";
				IPHONEOS_DEPLOYMENT_TARGET = 17.0;
				LD_RUNPATH_SEARCH_PATHS = "@executable_path/Frameworks";
				"LD_RUNPATH_SEARCH_PATHS[sdk=macosx*]" = "@executable_path/../Frameworks";
				MACOSX_DEPLOYMENT_TARGET = 14.0;
				MARKETING_VERSION = 1.0;
				PRODUCT_BUNDLE_IDENTIFIER = uniks.uniks;
				PRODUCT_NAME = "$(TARGET_NAME)";
				REGISTER_APP_GROUPS = YES;
				SDKROOT = auto;
				STRING_CATALOG_GENERATE_SYMBOLS = YES;
				SUPPORTED_PLATFORMS = "iphoneos iphonesimulator macosx xros xrsimulator";
				SWIFT_APPROACHABLE_CONCURRENCY = YES;
				SWIFT_DEFAULT_ACTOR_ISOLATION = none;
				SWIFT_EMIT_LOC_STRINGS = YES;
				SWIFT_STRICT_CONCURRENCY = complete;
				SWIFT_UPCOMING_FEATURE_MEMBER_IMPORT_VISIBILITY = YES;
				SWIFT_VERSION = 6.0;
				TARGETED_DEVICE_FAMILY = "1,2,7";
				XROS_DEPLOYMENT_TARGET = 1.0;
			};
			name = Debug;
		};
		1231BBE82FEACC32003B0923 /* Release */ = {
			isa = XCBuildConfiguration;
			buildSettings = {
				ASSETCATALOG_COMPILER_APPICON_NAME = AppIcon;
				ASSETCATALOG_COMPILER_GLOBAL_ACCENT_COLOR_NAME = AccentColor;
				CODE_SIGN_ENTITLEMENTS = uniks/uniks.entitlements;
				CODE_SIGN_STYLE = Automatic;
				CURRENT_PROJECT_VERSION = 1;
				DEAD_CODE_STRIPPING = YES;
				DEVELOPMENT_TEAM = XK5CCURK4K;
				ENABLE_APP_SANDBOX = YES;
				ENABLE_NETWORK_CLIENT = YES;
				ENABLE_PREVIEWS = YES;
				ENABLE_USER_SELECTED_FILES = readonly;
				GENERATE_INFOPLIST_FILE = YES;
				"INFOPLIST_KEY_UIApplicationSceneManifest_Generation[sdk=iphoneos*]" = YES;
				"INFOPLIST_KEY_UIApplicationSceneManifest_Generation[sdk=iphonesimulator*]" = YES;
				"INFOPLIST_KEY_UIApplicationSupportsIndirectInputEvents[sdk=iphoneos*]" = YES;
				"INFOPLIST_KEY_UIApplicationSupportsIndirectInputEvents[sdk=iphonesimulator*]" = YES;
				"INFOPLIST_KEY_UILaunchScreen_Generation[sdk=iphoneos*]" = YES;
				"INFOPLIST_KEY_UILaunchScreen_Generation[sdk=iphonesimulator*]" = YES;
				"INFOPLIST_KEY_UIStatusBarStyle[sdk=iphoneos*]" = UIStatusBarStyleDefault;
				"INFOPLIST_KEY_UIStatusBarStyle[sdk=iphonesimulator*]" = UIStatusBarStyleDefault;
				INFOPLIST_KEY_UISupportedInterfaceOrientations_iPad = "UIInterfaceOrientationPortrait UIInterfaceOrientationPortraitUpsideDown UIInterfaceOrientationLandscapeLeft UIInterfaceOrientationLandscapeRight";
				INFOPLIST_KEY_UISupportedInterfaceOrientations_iPhone = "UIInterfaceOrientationPortrait UIInterfaceOrientationLandscapeLeft UIInterfaceOrientationLandscapeRight";
				IPHONEOS_DEPLOYMENT_TARGET = 17.0;
				LD_RUNPATH_SEARCH_PATHS = "@executable_path/Frameworks";
				"LD_RUNPATH_SEARCH_PATHS[sdk=macosx*]" = "@executable_path/../Frameworks";
				MACOSX_DEPLOYMENT_TARGET = 14.0;
				MARKETING_VERSION = 1.0;
				PRODUCT_BUNDLE_IDENTIFIER = uniks.uniks;
				PRODUCT_NAME = "$(TARGET_NAME)";
				REGISTER_APP_GROUPS = YES;
				SDKROOT = auto;
				STRING_CATALOG_GENERATE_SYMBOLS = YES;
				SUPPORTED_PLATFORMS = "iphoneos iphonesimulator macosx xros xrsimulator";
				SWIFT_APPROACHABLE_CONCURRENCY = YES;
				SWIFT_DEFAULT_ACTOR_ISOLATION = none;
				SWIFT_EMIT_LOC_STRINGS = YES;
				SWIFT_STRICT_CONCURRENCY = complete;
				SWIFT_UPCOMING_FEATURE_MEMBER_IMPORT_VISIBILITY = YES;
				SWIFT_VERSION = 6.0;
				TARGETED_DEVICE_FAMILY = "1,2,7";
				XROS_DEPLOYMENT_TARGET = 1.0;
			};
			name = Release;
		};
		1231BBEA2FEACC32003B0923 /* Debug */ = {
			isa = XCBuildConfiguration;
			buildSettings = {
				BUNDLE_LOADER = "$(TEST_HOST)";
				CODE_SIGN_STYLE = Automatic;
				CURRENT_PROJECT_VERSION = 1;
				DEAD_CODE_STRIPPING = YES;
				GENERATE_INFOPLIST_FILE = YES;
				IPHONEOS_DEPLOYMENT_TARGET = 17.0;
				MACOSX_DEPLOYMENT_TARGET = 14.0;
				MARKETING_VERSION = 1.0;
				PRODUCT_BUNDLE_IDENTIFIER = uniks.uniksTests;
				PRODUCT_NAME = "$(TARGET_NAME)";
				SDKROOT = auto;
				STRING_CATALOG_GENERATE_SYMBOLS = NO;
				SUPPORTED_PLATFORMS = "iphoneos iphonesimulator macosx xros xrsimulator";
				SWIFT_APPROACHABLE_CONCURRENCY = YES;
				SWIFT_DEFAULT_ACTOR_ISOLATION = none;
				SWIFT_EMIT_LOC_STRINGS = NO;
				SWIFT_STRICT_CONCURRENCY = complete;
				SWIFT_UPCOMING_FEATURE_MEMBER_IMPORT_VISIBILITY = YES;
				SWIFT_VERSION = 6.0;
				TARGETED_DEVICE_FAMILY = "1,2,7";
				TEST_HOST = "$(BUILT_PRODUCTS_DIR)/uniks.app/$(BUNDLE_EXECUTABLE_FOLDER_PATH)/uniks";
				XROS_DEPLOYMENT_TARGET = 1.0;
			};
			name = Debug;
		};
		1231BBEB2FEACC32003B0923 /* Release */ = {
			isa = XCBuildConfiguration;
			buildSettings = {
				BUNDLE_LOADER = "$(TEST_HOST)";
				CODE_SIGN_STYLE = Automatic;
				CURRENT_PROJECT_VERSION = 1;
				DEAD_CODE_STRIPPING = YES;
				GENERATE_INFOPLIST_FILE = YES;
				IPHONEOS_DEPLOYMENT_TARGET = 17.0;
				MACOSX_DEPLOYMENT_TARGET = 14.0;
				MARKETING_VERSION = 1.0;
				PRODUCT_BUNDLE_IDENTIFIER = uniks.uniksTests;
				PRODUCT_NAME = "$(TARGET_NAME)";
				SDKROOT = auto;
				STRING_CATALOG_GENERATE_SYMBOLS = NO;
				SUPPORTED_PLATFORMS = "iphoneos iphonesimulator macosx xros xrsimulator";
				SWIFT_APPROACHABLE_CONCURRENCY = YES;
				SWIFT_DEFAULT_ACTOR_ISOLATION = none;
				SWIFT_EMIT_LOC_STRINGS = NO;
				SWIFT_STRICT_CONCURRENCY = complete;
				SWIFT_UPCOMING_FEATURE_MEMBER_IMPORT_VISIBILITY = YES;
				SWIFT_VERSION = 6.0;
				TARGETED_DEVICE_FAMILY = "1,2,7";
				TEST_HOST = "$(BUILT_PRODUCTS_DIR)/uniks.app/$(BUNDLE_EXECUTABLE_FOLDER_PATH)/uniks";
				XROS_DEPLOYMENT_TARGET = 1.0;
			};
			name = Release;
		};
/* End XCBuildConfiguration section */

/* Begin XCConfigurationList section */
		1231BBBE2FEACC31003B0923 /* Build configuration list for PBXProject "uniks" */ = {
			isa = XCConfigurationList;
			buildConfigurations = (
				1231BBE42FEACC32003B0923 /* Debug */,
				1231BBE52FEACC32003B0923 /* Release */,
			);
			defaultConfigurationIsVisible = 0;
			defaultConfigurationName = Release;
		};
		1231BBE62FEACC32003B0923 /* Build configuration list for PBXNativeTarget "uniks" */ = {
			isa = XCConfigurationList;
			buildConfigurations = (
				1231BBE72FEACC32003B0923 /* Debug */,
				1231BBE82FEACC32003B0923 /* Release */,
			);
			defaultConfigurationIsVisible = 0;
			defaultConfigurationName = Release;
		};
		1231BBE92FEACC32003B0923 /* Build configuration list for PBXNativeTarget "uniksTests" */ = {
			isa = XCConfigurationList;
			buildConfigurations = (
				1231BBEA2FEACC32003B0923 /* Debug */,
				1231BBEB2FEACC32003B0923 /* Release */,
			);
			defaultConfigurationIsVisible = 0;
			defaultConfigurationName = Release;
		};
/* End XCConfigurationList section */

/* Begin XCRemoteSwiftPackageReference section */
		3FEC60A3816E679E62C906C9 /* XCRemoteSwiftPackageReference "SwiftFTS" */ = {
			isa = XCRemoteSwiftPackageReference;
			repositoryURL = "https://github.com/cbess/SwiftFTS.git";
			requirement = {
				branch = main;
				kind = branch;
			};
		};
		7464B0CBD173E640F23B4D0E /* XCRemoteSwiftPackageReference "mlx-swift-lm" */ = {
			isa = XCRemoteSwiftPackageReference;
			repositoryURL = "https://github.com/ml-explore/mlx-swift-lm.git";
			requirement = {
				branch = main;
				kind = branch;
			};
		};
		7A33718B85BE31C398C4FFD4 /* XCRemoteSwiftPackageReference "swift-huggingface" */ = {
			isa = XCRemoteSwiftPackageReference;
			repositoryURL = "https://github.com/huggingface/swift-huggingface.git";
			requirement = {
				kind = exactVersion;
				version = 0.9.0;
			};
		};
		F097F449FC1ECF86C74A54C0 /* XCRemoteSwiftPackageReference "swift-transformers" */ = {
			isa = XCRemoteSwiftPackageReference;
			repositoryURL = "https://github.com/huggingface/swift-transformers.git";
			requirement = {
				kind = exactVersion;
				version = 1.3.3;
			};
		};
/* End XCRemoteSwiftPackageReference section */

/* Begin XCSwiftPackageProductDependency section */
		0CFCB8C7711BF0A7CE4E1FDA /* HuggingFace */ = {
			isa = XCSwiftPackageProductDependency;
			package = 7A33718B85BE31C398C4FFD4 /* XCRemoteSwiftPackageReference "swift-huggingface" */;
			productName = HuggingFace;
		};
		0F5AC96A8352B4AD9E9FD71D /* MLXLMCommon */ = {
			isa = XCSwiftPackageProductDependency;
			package = 7464B0CBD173E640F23B4D0E /* XCRemoteSwiftPackageReference "mlx-swift-lm" */;
			productName = MLXLMCommon;
		};
		214E0440E02FDAFA17F8F818 /* MLXHuggingFace */ = {
			isa = XCSwiftPackageProductDependency;
			package = 7464B0CBD173E640F23B4D0E /* XCRemoteSwiftPackageReference "mlx-swift-lm" */;
			productName = MLXHuggingFace;
		};
		4C5DEC489960C37421DB016D /* HuggingFace */ = {
			isa = XCSwiftPackageProductDependency;
			package = 7A33718B85BE31C398C4FFD4 /* XCRemoteSwiftPackageReference "swift-huggingface" */;
			productName = HuggingFace;
		};
		67EA828F2DBC5FE43BD68564 /* Tokenizers */ = {
			isa = XCSwiftPackageProductDependency;
			package = F097F449FC1ECF86C74A54C0 /* XCRemoteSwiftPackageReference "swift-transformers" */;
			productName = Tokenizers;
		};
		82E8CCBDDECCC3976092ADBA /* SwiftFTS */ = {
			isa = XCSwiftPackageProductDependency;
			package = 3FEC60A3816E679E62C906C9 /* XCRemoteSwiftPackageReference "SwiftFTS" */;
			productName = SwiftFTS;
		};
		892549ECFF807AE7E2E68837 /* MLXLLM */ = {
			isa = XCSwiftPackageProductDependency;
			package = 7464B0CBD173E640F23B4D0E /* XCRemoteSwiftPackageReference "mlx-swift-lm" */;
			productName = MLXLLM;
		};
		9C1CB24E4DEC300A68875D52 /* MLXHuggingFace */ = {
			isa = XCSwiftPackageProductDependency;
			package = 7464B0CBD173E640F23B4D0E /* XCRemoteSwiftPackageReference "mlx-swift-lm" */;
			productName = MLXHuggingFace;
		};
		A482D3690D66FB1E93202FE6 /* Tokenizers */ = {
			isa = XCSwiftPackageProductDependency;
			package = F097F449FC1ECF86C74A54C0 /* XCRemoteSwiftPackageReference "swift-transformers" */;
			productName = Tokenizers;
		};
		CB66A18F3F93B197254065E6 /* MLXLLM */ = {
			isa = XCSwiftPackageProductDependency;
			package = 7464B0CBD173E640F23B4D0E /* XCRemoteSwiftPackageReference "mlx-swift-lm" */;
			productName = MLXLLM;
		};
		D4DCE9C8E6266305E3247891 /* SwiftFTS */ = {
			isa = XCSwiftPackageProductDependency;
			package = 3FEC60A3816E679E62C906C9 /* XCRemoteSwiftPackageReference "SwiftFTS" */;
			productName = SwiftFTS;
		};
		FC4F45A847308690A54E0AA6 /* MLXLMCommon */ = {
			isa = XCSwiftPackageProductDependency;
			package = 7464B0CBD173E640F23B4D0E /* XCRemoteSwiftPackageReference "mlx-swift-lm" */;
			productName = MLXLMCommon;
		};
/* End XCSwiftPackageProductDependency section */
	};
	rootObject = 1231BBBB2FEACC31003B0923 /* Project object */;
}
